// !$*UTF8*$!
{
	archiveVersion = 1;
	classes = {
	};
	objectVersion = 56;
	objects = {

/* Begin PBXBuildFile section */
		4C3639F22AB7F36F00DD8F30 /* SwiftUICalendar in Frameworks */ = {isa = PBXBuildFile; productRef = 4C3639F12AB7F36F00DD8F30 /* SwiftUICalendar */; };
		4C3639F62AB86D3400DD8F30 /* RecordView.swift in Sources */ = {isa = PBXBuildFile; fileRef = 4C3639F52AB86D3400DD8F30 /* RecordView.swift */; };
		4C3639F82AB9B80100DD8F30 /* DropdownItem.swift in Sources */ = {isa = PBXBuildFile; fileRef = 4C3639F72AB9B80100DD8F30 /* DropdownItem.swift */; };
		4C3639FA2ABAE8D100DD8F30 /* Calenderday.swift in Sources */ = {isa = PBXBuildFile; fileRef = 4C3639F92ABAE8D100DD8F30 /* Calenderday.swift */; };
		4C396FBD2B2B1E6800F8C19D /* Nunito-Black.ttf in Resources */ = {isa = PBXBuildFile; fileRef = 4C396FBC2B2B1E6800F8C19D /* Nunito-Black.ttf */; };
		4C396FBF2B2B1E8300F8C19D /* NotoSansKR-Bold.ttf in Resources */ = {isa = PBXBuildFile; fileRef = 4C396FBE2B2B1E8300F8C19D /* NotoSansKR-Bold.ttf */; };
		4C396FC22B2B1EA800F8C19D /* Model.swift in Sources */ = {isa = PBXBuildFile; fileRef = 4C396FC12B2B1EA800F8C19D /* Model.swift */; };
		4C396FC52B2B1EDC00F8C19D /* HomeViewModel.swift in Sources */ = {isa = PBXBuildFile; fileRef = 4C396FC42B2B1EDC00F8C19D /* HomeViewModel.swift */; };
		4C396FC82B2B1F0F00F8C19D /* CombineMoya in Frameworks */ = {isa = PBXBuildFile; productRef = 4C396FC72B2B1F0F00F8C19D /* CombineMoya */; };
		4C396FCA2B2B1F0F00F8C19D /* Moya in Frameworks */ = {isa = PBXBuildFile; productRef = 4C396FC92B2B1F0F00F8C19D /* Moya */; };
		4C396FCC2B2B1F0F00F8C19D /* ReactiveMoya in Frameworks */ = {isa = PBXBuildFile; productRef = 4C396FCB2B2B1F0F00F8C19D /* ReactiveMoya */; };
		4C396FCE2B2B1F0F00F8C19D /* RxMoya in Frameworks */ = {isa = PBXBuildFile; productRef = 4C396FCD2B2B1F0F00F8C19D /* RxMoya */; };
		4C396FD12B2B1F2900F8C19D /* API.swift in Sources */ = {isa = PBXBuildFile; fileRef = 4C396FD02B2B1F2900F8C19D /* API.swift */; };
		4C396FD62B2B22F000F8C19D /* AppleSDGothicNeoEB00.ttf in Resources */ = {isa = PBXBuildFile; fileRef = 4C396FD22B2B22F000F8C19D /* AppleSDGothicNeoEB00.ttf */; };
		4C72B2D82AEA6110003AD638 /* .swiftlint.yml in Resources */ = {isa = PBXBuildFile; fileRef = 4C72B2D72AEA6110003AD638 /* .swiftlint.yml */; };
		4CAED9632AC3023E00A1EE76 /* PopupView in Frameworks */ = {isa = PBXBuildFile; productRef = 4CAED9622AC3023E00A1EE76 /* PopupView */; };
		4CF103202AA600C00059C4C2 /* HomeView.swift in Sources */ = {isa = PBXBuildFile; fileRef = 4CF1031F2AA600C00059C4C2 /* HomeView.swift */; };
		4CF103242AA618790059C4C2 /* BoardGameView.swift in Sources */ = {isa = PBXBuildFile; fileRef = 4CF103232AA618790059C4C2 /* BoardGameView.swift */; };
		4CF103282AA618B50059C4C2 /* DiaryView.swift in Sources */ = {isa = PBXBuildFile; fileRef = 4CF103272AA618B50059C4C2 /* DiaryView.swift */; };
		4CF1032C2AA618EF0059C4C2 /* ConsultationView.swift in Sources */ = {isa = PBXBuildFile; fileRef = 4CF1032B2AA618EF0059C4C2 /* ConsultationView.swift */; };
		4CF103302AA619140059C4C2 /* ProfileView.swift in Sources */ = {isa = PBXBuildFile; fileRef = 4CF1032F2AA619140059C4C2 /* ProfileView.swift */; };
		4CF103342AA620C90059C4C2 /* MainView.swift in Sources */ = {isa = PBXBuildFile; fileRef = 4CF103332AA620C90059C4C2 /* MainView.swift */; };
		AFA6115E2A94B54300D63657 /* WeeingApp.swift in Sources */ = {isa = PBXBuildFile; fileRef = AFA6115D2A94B54300D63657 /* WeeingApp.swift */; };
		AFA611622A94B54400D63657 /* Assets.xcassets in Resources */ = {isa = PBXBuildFile; fileRef = AFA611612A94B54400D63657 /* Assets.xcassets */; };
		AFA611652A94B54400D63657 /* Preview Assets.xcassets in Resources */ = {isa = PBXBuildFile; fileRef = AFA611642A94B54400D63657 /* Preview Assets.xcassets */; };
		AFA611712A94C6F400D63657 /* LoginView.swift in Sources */ = {isa = PBXBuildFile; fileRef = AFA611702A94C6F400D63657 /* LoginView.swift */; };
		AFA611742A94C7FD00D63657 /* Colors.swift in Sources */ = {isa = PBXBuildFile; fileRef = AFA611732A94C7FD00D63657 /* Colors.swift */; };
		AFA611802A94F61A00D63657 /* SignupView.swift in Sources */ = {isa = PBXBuildFile; fileRef = AFA6117F2A94F61A00D63657 /* SignupView.swift */; };
		AFA6118E2A95D37E00D63657 /* MakePasswordView.swift in Sources */ = {isa = PBXBuildFile; fileRef = AFA6118D2A95D37E00D63657 /* MakePasswordView.swift */; };
		AFA611922A961EC600D63657 /* FIndPasswordView.swift in Sources */ = {isa = PBXBuildFile; fileRef = AFA611912A961EC600D63657 /* FIndPasswordView.swift */; };
		AFA611962A9779F900D63657 /* ResetPasswordView.swift in Sources */ = {isa = PBXBuildFile; fileRef = AFA611952A9779F900D63657 /* ResetPasswordView.swift */; };
		AFA611982A98756300D63657 /* UserInformationView.swift in Sources */ = {isa = PBXBuildFile; fileRef = AFA611972A98756300D63657 /* UserInformationView.swift */; };
		AFA611A02A98877F00D63657 /* SplashView.swift in Sources */ = {isa = PBXBuildFile; fileRef = AFA6119F2A98877F00D63657 /* SplashView.swift */; };
		AFA611CF2A9F638200D63657 /* WeeingEmailTextField.swift in Sources */ = {isa = PBXBuildFile; fileRef = AFA611CE2A9F638200D63657 /* WeeingEmailTextField.swift */; };
		AFA611D12AA1724000D63657 /* WeeingConfirmTextField.swift in Sources */ = {isa = PBXBuildFile; fileRef = AFA611D02AA1724000D63657 /* WeeingConfirmTextField.swift */; };
		AFA611D32AA1878F00D63657 /* WeeingPasswordTextField.swift in Sources */ = {isa = PBXBuildFile; fileRef = AFA611D22AA1878F00D63657 /* WeeingPasswordTextField.swift */; };
		AFA611D62AA1E94900D63657 /* StartPageButton.swift in Sources */ = {isa = PBXBuildFile; fileRef = AFA611D52AA1E94900D63657 /* StartPageButton.swift */; };
		AFA611DA2AA2FE2F00D63657 /* WeeingCheckPasswordTextField.swift in Sources */ = {isa = PBXBuildFile; fileRef = AFA611D92AA2FE2F00D63657 /* WeeingCheckPasswordTextField.swift */; };
		AFD02CE72AF9B831000CF617 /* LoginViewModel.swift in Sources */ = {isa = PBXBuildFile; fileRef = AFD02CE62AF9B831000CF617 /* LoginViewModel.swift */; };
		AFF14DB82B313B910017CC40 /* AppComponent+Auth.swift in Sources */ = {isa = PBXBuildFile; fileRef = AFF14DB72B313B910017CC40 /* AppComponent+Auth.swift */; };
		AFF14DBB2B313C470017CC40 /* AppComponent.swift in Sources */ = {isa = PBXBuildFile; fileRef = AFF14DBA2B313C470017CC40 /* AppComponent.swift */; };
		AFF14DC02B313D520017CC40 /* Keychain.swift in Sources */ = {isa = PBXBuildFile; fileRef = AFF14DBF2B313D520017CC40 /* Keychain.swift */; };
		AFF14DC42B313D970017CC40 /* RootComponent.swift in Sources */ = {isa = PBXBuildFile; fileRef = AFF14DC32B313D970017CC40 /* RootComponent.swift */; };
		AFF14DC72B313DFF0017CC40 /* LoginFactory.swift in Sources */ = {isa = PBXBuildFile; fileRef = AFF14DC62B313DFF0017CC40 /* LoginFactory.swift */; };
		AFF14DC92B313E220017CC40 /* RootView.swift in Sources */ = {isa = PBXBuildFile; fileRef = AFF14DC82B313E220017CC40 /* RootView.swift */; };
		AFF14DD02B313F3E0017CC40 /* SceneFlow.swift in Sources */ = {isa = PBXBuildFile; fileRef = AFF14DCF2B313F3E0017CC40 /* SceneFlow.swift */; };
		AFF14DD42B31401A0017CC40 /* ViewUtil.swift in Sources */ = {isa = PBXBuildFile; fileRef = AFF14DD32B31401A0017CC40 /* ViewUtil.swift */; };
		AFF14DDB2B3140CD0017CC40 /* RemoteAuthDataSource.swift in Sources */ = {isa = PBXBuildFile; fileRef = AFF14DDA2B3140CD0017CC40 /* RemoteAuthDataSource.swift */; };
		AFF14DDD2B3141130017CC40 /* LoginRequestDTO.swift in Sources */ = {isa = PBXBuildFile; fileRef = AFF14DDC2B3141130017CC40 /* LoginRequestDTO.swift */; };
		AFF14DE02B31418C0017CC40 /* LoginWeeingFeature.swift in Sources */ = {isa = PBXBuildFile; fileRef = AFF14DDF2B31418C0017CC40 /* LoginWeeingFeature.swift */; };
		AFF14DE42B31424F0017CC40 /* RemoteAuthDataSourceImpl.swift in Sources */ = {isa = PBXBuildFile; fileRef = AFF14DE32B31424F0017CC40 /* RemoteAuthDataSourceImpl.swift */; };
		AFF14DE92B3143430017CC40 /* BaseRemoteDataSource.swift in Sources */ = {isa = PBXBuildFile; fileRef = AFF14DE82B3143430017CC40 /* BaseRemoteDataSource.swift */; };
		AFF14DEB2B3144B50017CC40 /* WeeingAPI.swift in Sources */ = {isa = PBXBuildFile; fileRef = AFF14DEA2B3144B50017CC40 /* WeeingAPI.swift */; };
		AFF14DEF2B31451C0017CC40 /* JwtAuthorizable.swift in Sources */ = {isa = PBXBuildFile; fileRef = AFF14DEE2B31451C0017CC40 /* JwtAuthorizable.swift */; };
		AFF14DF12B3145A40017CC40 /* JwtPlugin.swift in Sources */ = {isa = PBXBuildFile; fileRef = AFF14DF02B3145A40017CC40 /* JwtPlugin.swift */; };
		AFF14DF32B3145C70017CC40 /* TokenDTO.swift in Sources */ = {isa = PBXBuildFile; fileRef = AFF14DF22B3145C70017CC40 /* TokenDTO.swift */; };
		AFF14DF62B31578F0017CC40 /* AuthAPI.swift in Sources */ = {isa = PBXBuildFile; fileRef = AFF14DF52B31578F0017CC40 /* AuthAPI.swift */; };
		AFF14DF92B31585D0017CC40 /* AuthDomainError.swift in Sources */ = {isa = PBXBuildFile; fileRef = AFF14DF82B31585D0017CC40 /* AuthDomainError.swift */; };
		AFF14DFC2B315CEF0017CC40 /* RefreshAPI.swift in Sources */ = {isa = PBXBuildFile; fileRef = AFF14DFB2B315CEF0017CC40 /* RefreshAPI.swift */; };
		AFF14DFF2B315D310017CC40 /* RefreshError.swift in Sources */ = {isa = PBXBuildFile; fileRef = AFF14DFE2B315D310017CC40 /* RefreshError.swift */; };
		AFF14E012B315EDC0017CC40 /* DateUtil.swift in Sources */ = {isa = PBXBuildFile; fileRef = AFF14E002B315EDC0017CC40 /* DateUtil.swift */; };
		AFF14E0A2B3166D30017CC40 /* LoginComponent.swift in Sources */ = {isa = PBXBuildFile; fileRef = AFF14E092B3166D30017CC40 /* LoginComponent.swift */; };
		AFF14E0D2B3167890017CC40 /* LoginUseCase.swift in Sources */ = {isa = PBXBuildFile; fileRef = AFF14E0C2B3167890017CC40 /* LoginUseCase.swift */; };
		AFF14E0F2B316C560017CC40 /* BaseViewModel.swift in Sources */ = {isa = PBXBuildFile; fileRef = AFF14E0E2B316C560017CC40 /* BaseViewModel.swift */; };
		AFF14E112B316D8A0017CC40 /* SceneState.swift in Sources */ = {isa = PBXBuildFile; fileRef = AFF14E102B316D8A0017CC40 /* SceneState.swift */; };
		AFF14E142B316EF60017CC40 /* AuthRepository.swift in Sources */ = {isa = PBXBuildFile; fileRef = AFF14E132B316EF60017CC40 /* AuthRepository.swift */; };
		AFF14E162B31737F0017CC40 /* NeedleFoundation in Frameworks */ = {isa = PBXBuildFile; productRef = AFF14E152B31737F0017CC40 /* NeedleFoundation */; };
		AFF14E1B2B31741F0017CC40 /* AuthRepositoryImpl.swift in Sources */ = {isa = PBXBuildFile; fileRef = AFF14E1A2B31741F0017CC40 /* AuthRepositoryImpl.swift */; };
		AFF14E1F2B3174A80017CC40 /* LoginUseCaseImpl.swift in Sources */ = {isa = PBXBuildFile; fileRef = AFF14E1E2B3174A80017CC40 /* LoginUseCaseImpl.swift */; };
		AFF14E222B31DD4D0017CC40 /* KeychainImpl.swift in Sources */ = {isa = PBXBuildFile; fileRef = AFF14E212B31DD4D0017CC40 /* KeychainImpl.swift */; };
		AFF300232B2FEC490008F8F9 /* AppleSDGothicNeoB00.ttf in Resources */ = {isa = PBXBuildFile; fileRef = AFF300222B2FEC490008F8F9 /* AppleSDGothicNeoB00.ttf */; };
		AFF300252B2FEF8A0008F8F9 /* BoardGameApplicationView.swift in Sources */ = {isa = PBXBuildFile; fileRef = AFF300242B2FEF8A0008F8F9 /* BoardGameApplicationView.swift */; };
		EA7FFBA82B21375E00132C8E /* CounselingCheckView.swift in Sources */ = {isa = PBXBuildFile; fileRef = EA7FFBA72B21375E00132C8E /* CounselingCheckView.swift */; };
		EA8D26132B06049100F8D244 /* WarningPopupScreen.swift in Sources */ = {isa = PBXBuildFile; fileRef = EA8D26122B06049100F8D244 /* WarningPopupScreen.swift */; };
		EA8D26152B0604AF00F8D244 /* Diarywriting.swift in Sources */ = {isa = PBXBuildFile; fileRef = EA8D26142B0604AF00F8D244 /* Diarywriting.swift */; };
		EA8D26172B0604E000F8D244 /* DiaryLog.swift in Sources */ = {isa = PBXBuildFile; fileRef = EA8D26162B0604E000F8D244 /* DiaryLog.swift */; };
		EAE14AC12ACDA6C400C99D60 /* ConsultLogView.swift in Sources */ = {isa = PBXBuildFile; fileRef = EAE14AC02ACDA6C400C99D60 /* ConsultLogView.swift */; };
/* End PBXBuildFile section */

/* Begin PBXCopyFilesBuildPhase section */
		4C8A38F42B0EC5FA00306580 /* Embed Foundation Extensions */ = {
			isa = PBXCopyFilesBuildPhase;
			buildActionMask = 2147483647;
			dstPath = "";
			dstSubfolderSpec = 13;
			files = (
			);
			name = "Embed Foundation Extensions";
			runOnlyForDeploymentPostprocessing = 0;
		};
/* End PBXCopyFilesBuildPhase section */

/* Begin PBXFileReference section */
		4C3639F52AB86D3400DD8F30 /* RecordView.swift */ = {isa = PBXFileReference; lastKnownFileType = sourcecode.swift; path = RecordView.swift; sourceTree = "<group>"; };
		4C3639F72AB9B80100DD8F30 /* DropdownItem.swift */ = {isa = PBXFileReference; lastKnownFileType = sourcecode.swift; path = DropdownItem.swift; sourceTree = "<group>"; };
		4C3639F92ABAE8D100DD8F30 /* Calenderday.swift */ = {isa = PBXFileReference; lastKnownFileType = sourcecode.swift; path = Calenderday.swift; sourceTree = "<group>"; };
		4C396FBC2B2B1E6800F8C19D /* Nunito-Black.ttf */ = {isa = PBXFileReference; lastKnownFileType = file; path = "Nunito-Black.ttf"; sourceTree = "<group>"; };
		4C396FBE2B2B1E8300F8C19D /* NotoSansKR-Bold.ttf */ = {isa = PBXFileReference; lastKnownFileType = file; path = "NotoSansKR-Bold.ttf"; sourceTree = "<group>"; };
		4C396FC12B2B1EA800F8C19D /* Model.swift */ = {isa = PBXFileReference; lastKnownFileType = sourcecode.swift; path = Model.swift; sourceTree = "<group>"; };
		4C396FC42B2B1EDC00F8C19D /* HomeViewModel.swift */ = {isa = PBXFileReference; lastKnownFileType = sourcecode.swift; path = HomeViewModel.swift; sourceTree = "<group>"; };
		4C396FD02B2B1F2900F8C19D /* API.swift */ = {isa = PBXFileReference; lastKnownFileType = sourcecode.swift; path = API.swift; sourceTree = "<group>"; };
		4C396FD22B2B22F000F8C19D /* AppleSDGothicNeoEB00.ttf */ = {isa = PBXFileReference; lastKnownFileType = file; path = AppleSDGothicNeoEB00.ttf; sourceTree = "<group>"; };
		4C72B2D72AEA6110003AD638 /* .swiftlint.yml */ = {isa = PBXFileReference; lastKnownFileType = text.yaml; path = .swiftlint.yml; sourceTree = "<group>"; };
		4C8A38E12B0EC5F800306580 /* WidgetKit.framework */ = {isa = PBXFileReference; lastKnownFileType = wrapper.framework; name = WidgetKit.framework; path = System/Library/Frameworks/WidgetKit.framework; sourceTree = SDKROOT; };
		4C8A38E32B0EC5F800306580 /* SwiftUI.framework */ = {isa = PBXFileReference; lastKnownFileType = wrapper.framework; name = SwiftUI.framework; path = System/Library/Frameworks/SwiftUI.framework; sourceTree = SDKROOT; };
		4CF1031F2AA600C00059C4C2 /* HomeView.swift */ = {isa = PBXFileReference; lastKnownFileType = sourcecode.swift; path = HomeView.swift; sourceTree = "<group>"; };
		4CF103232AA618790059C4C2 /* BoardGameView.swift */ = {isa = PBXFileReference; lastKnownFileType = sourcecode.swift; path = BoardGameView.swift; sourceTree = "<group>"; };
		4CF103272AA618B50059C4C2 /* DiaryView.swift */ = {isa = PBXFileReference; lastKnownFileType = sourcecode.swift; path = DiaryView.swift; sourceTree = "<group>"; };
		4CF1032B2AA618EF0059C4C2 /* ConsultationView.swift */ = {isa = PBXFileReference; lastKnownFileType = sourcecode.swift; path = ConsultationView.swift; sourceTree = "<group>"; };
		4CF1032F2AA619140059C4C2 /* ProfileView.swift */ = {isa = PBXFileReference; lastKnownFileType = sourcecode.swift; path = ProfileView.swift; sourceTree = "<group>"; };
		4CF103332AA620C90059C4C2 /* MainView.swift */ = {isa = PBXFileReference; lastKnownFileType = sourcecode.swift; path = MainView.swift; sourceTree = "<group>"; };
		AFA6115A2A94B54300D63657 /* Weeing.app */ = {isa = PBXFileReference; explicitFileType = wrapper.application; includeInIndex = 0; path = Weeing.app; sourceTree = BUILT_PRODUCTS_DIR; };
		AFA6115D2A94B54300D63657 /* WeeingApp.swift */ = {isa = PBXFileReference; lastKnownFileType = sourcecode.swift; path = WeeingApp.swift; sourceTree = "<group>"; };
		AFA611612A94B54400D63657 /* Assets.xcassets */ = {isa = PBXFileReference; lastKnownFileType = folder.assetcatalog; path = Assets.xcassets; sourceTree = "<group>"; };
		AFA611642A94B54400D63657 /* Preview Assets.xcassets */ = {isa = PBXFileReference; lastKnownFileType = folder.assetcatalog; path = "Preview Assets.xcassets"; sourceTree = "<group>"; };
		AFA611702A94C6F400D63657 /* LoginView.swift */ = {isa = PBXFileReference; lastKnownFileType = sourcecode.swift; path = LoginView.swift; sourceTree = "<group>"; };
		AFA611732A94C7FD00D63657 /* Colors.swift */ = {isa = PBXFileReference; lastKnownFileType = sourcecode.swift; path = Colors.swift; sourceTree = "<group>"; };
		AFA6117A2A94C8DF00D63657 /* Info.plist */ = {isa = PBXFileReference; lastKnownFileType = text.plist; path = Info.plist; sourceTree = "<group>"; };
		AFA6117F2A94F61A00D63657 /* SignupView.swift */ = {isa = PBXFileReference; lastKnownFileType = sourcecode.swift; path = SignupView.swift; sourceTree = "<group>"; };
		AFA6118D2A95D37E00D63657 /* MakePasswordView.swift */ = {isa = PBXFileReference; lastKnownFileType = sourcecode.swift; path = MakePasswordView.swift; sourceTree = "<group>"; };
		AFA611912A961EC600D63657 /* FIndPasswordView.swift */ = {isa = PBXFileReference; lastKnownFileType = sourcecode.swift; path = FIndPasswordView.swift; sourceTree = "<group>"; };
		AFA611952A9779F900D63657 /* ResetPasswordView.swift */ = {isa = PBXFileReference; lastKnownFileType = sourcecode.swift; path = ResetPasswordView.swift; sourceTree = "<group>"; };
		AFA611972A98756300D63657 /* UserInformationView.swift */ = {isa = PBXFileReference; lastKnownFileType = sourcecode.swift; path = UserInformationView.swift; sourceTree = "<group>"; };
		AFA6119F2A98877F00D63657 /* SplashView.swift */ = {isa = PBXFileReference; lastKnownFileType = sourcecode.swift; path = SplashView.swift; sourceTree = "<group>"; };
		AFA611CE2A9F638200D63657 /* WeeingEmailTextField.swift */ = {isa = PBXFileReference; lastKnownFileType = sourcecode.swift; path = WeeingEmailTextField.swift; sourceTree = "<group>"; };
		AFA611D02AA1724000D63657 /* WeeingConfirmTextField.swift */ = {isa = PBXFileReference; lastKnownFileType = sourcecode.swift; path = WeeingConfirmTextField.swift; sourceTree = "<group>"; };
		AFA611D22AA1878F00D63657 /* WeeingPasswordTextField.swift */ = {isa = PBXFileReference; lastKnownFileType = sourcecode.swift; path = WeeingPasswordTextField.swift; sourceTree = "<group>"; };
		AFA611D52AA1E94900D63657 /* StartPageButton.swift */ = {isa = PBXFileReference; lastKnownFileType = sourcecode.swift; path = StartPageButton.swift; sourceTree = "<group>"; };
		AFA611D92AA2FE2F00D63657 /* WeeingCheckPasswordTextField.swift */ = {isa = PBXFileReference; lastKnownFileType = sourcecode.swift; path = WeeingCheckPasswordTextField.swift; sourceTree = "<group>"; };
		AFD02CE62AF9B831000CF617 /* LoginViewModel.swift */ = {isa = PBXFileReference; lastKnownFileType = sourcecode.swift; path = LoginViewModel.swift; sourceTree = "<group>"; };
		AFF14DB72B313B910017CC40 /* AppComponent+Auth.swift */ = {isa = PBXFileReference; lastKnownFileType = sourcecode.swift; path = "AppComponent+Auth.swift"; sourceTree = "<group>"; };
		AFF14DBA2B313C470017CC40 /* AppComponent.swift */ = {isa = PBXFileReference; lastKnownFileType = sourcecode.swift; path = AppComponent.swift; sourceTree = "<group>"; };
		AFF14DBF2B313D520017CC40 /* Keychain.swift */ = {isa = PBXFileReference; lastKnownFileType = sourcecode.swift; path = Keychain.swift; sourceTree = "<group>"; };
		AFF14DC32B313D970017CC40 /* RootComponent.swift */ = {isa = PBXFileReference; lastKnownFileType = sourcecode.swift; path = RootComponent.swift; sourceTree = "<group>"; };
		AFF14DC62B313DFF0017CC40 /* LoginFactory.swift */ = {isa = PBXFileReference; lastKnownFileType = sourcecode.swift; path = LoginFactory.swift; sourceTree = "<group>"; };
		AFF14DC82B313E220017CC40 /* RootView.swift */ = {isa = PBXFileReference; lastKnownFileType = sourcecode.swift; path = RootView.swift; sourceTree = "<group>"; };
		AFF14DCF2B313F3E0017CC40 /* SceneFlow.swift */ = {isa = PBXFileReference; lastKnownFileType = sourcecode.swift; path = SceneFlow.swift; sourceTree = "<group>"; };
		AFF14DD32B31401A0017CC40 /* ViewUtil.swift */ = {isa = PBXFileReference; lastKnownFileType = sourcecode.swift; path = ViewUtil.swift; sourceTree = "<group>"; };
		AFF14DDA2B3140CD0017CC40 /* RemoteAuthDataSource.swift */ = {isa = PBXFileReference; lastKnownFileType = sourcecode.swift; path = RemoteAuthDataSource.swift; sourceTree = "<group>"; };
		AFF14DDC2B3141130017CC40 /* LoginRequestDTO.swift */ = {isa = PBXFileReference; lastKnownFileType = sourcecode.swift; path = LoginRequestDTO.swift; sourceTree = "<group>"; };
		AFF14DDF2B31418C0017CC40 /* LoginWeeingFeature.swift */ = {isa = PBXFileReference; lastKnownFileType = sourcecode.swift; path = LoginWeeingFeature.swift; sourceTree = "<group>"; };
		AFF14DE32B31424F0017CC40 /* RemoteAuthDataSourceImpl.swift */ = {isa = PBXFileReference; lastKnownFileType = sourcecode.swift; path = RemoteAuthDataSourceImpl.swift; sourceTree = "<group>"; };
		AFF14DE82B3143430017CC40 /* BaseRemoteDataSource.swift */ = {isa = PBXFileReference; lastKnownFileType = sourcecode.swift; path = BaseRemoteDataSource.swift; sourceTree = "<group>"; };
		AFF14DEA2B3144B50017CC40 /* WeeingAPI.swift */ = {isa = PBXFileReference; lastKnownFileType = sourcecode.swift; path = WeeingAPI.swift; sourceTree = "<group>"; };
		AFF14DEE2B31451C0017CC40 /* JwtAuthorizable.swift */ = {isa = PBXFileReference; lastKnownFileType = sourcecode.swift; path = JwtAuthorizable.swift; sourceTree = "<group>"; };
		AFF14DF02B3145A40017CC40 /* JwtPlugin.swift */ = {isa = PBXFileReference; lastKnownFileType = sourcecode.swift; path = JwtPlugin.swift; sourceTree = "<group>"; };
		AFF14DF22B3145C70017CC40 /* TokenDTO.swift */ = {isa = PBXFileReference; lastKnownFileType = sourcecode.swift; path = TokenDTO.swift; sourceTree = "<group>"; };
		AFF14DF52B31578F0017CC40 /* AuthAPI.swift */ = {isa = PBXFileReference; lastKnownFileType = sourcecode.swift; path = AuthAPI.swift; sourceTree = "<group>"; };
		AFF14DF82B31585D0017CC40 /* AuthDomainError.swift */ = {isa = PBXFileReference; lastKnownFileType = sourcecode.swift; path = AuthDomainError.swift; sourceTree = "<group>"; };
		AFF14DFB2B315CEF0017CC40 /* RefreshAPI.swift */ = {isa = PBXFileReference; lastKnownFileType = sourcecode.swift; path = RefreshAPI.swift; sourceTree = "<group>"; };
		AFF14DFE2B315D310017CC40 /* RefreshError.swift */ = {isa = PBXFileReference; lastKnownFileType = sourcecode.swift; path = RefreshError.swift; sourceTree = "<group>"; };
		AFF14E002B315EDC0017CC40 /* DateUtil.swift */ = {isa = PBXFileReference; lastKnownFileType = sourcecode.swift; path = DateUtil.swift; sourceTree = "<group>"; };
		AFF14E092B3166D30017CC40 /* LoginComponent.swift */ = {isa = PBXFileReference; lastKnownFileType = sourcecode.swift; path = LoginComponent.swift; sourceTree = "<group>"; };
		AFF14E0C2B3167890017CC40 /* LoginUseCase.swift */ = {isa = PBXFileReference; lastKnownFileType = sourcecode.swift; path = LoginUseCase.swift; sourceTree = "<group>"; };
		AFF14E0E2B316C560017CC40 /* BaseViewModel.swift */ = {isa = PBXFileReference; lastKnownFileType = sourcecode.swift; path = BaseViewModel.swift; sourceTree = "<group>"; };
		AFF14E102B316D8A0017CC40 /* SceneState.swift */ = {isa = PBXFileReference; lastKnownFileType = sourcecode.swift; path = SceneState.swift; sourceTree = "<group>"; };
		AFF14E132B316EF60017CC40 /* AuthRepository.swift */ = {isa = PBXFileReference; lastKnownFileType = sourcecode.swift; path = AuthRepository.swift; sourceTree = "<group>"; };
		AFF14E1A2B31741F0017CC40 /* AuthRepositoryImpl.swift */ = {isa = PBXFileReference; lastKnownFileType = sourcecode.swift; path = AuthRepositoryImpl.swift; sourceTree = "<group>"; };
		AFF14E1E2B3174A80017CC40 /* LoginUseCaseImpl.swift */ = {isa = PBXFileReference; lastKnownFileType = sourcecode.swift; path = LoginUseCaseImpl.swift; sourceTree = "<group>"; };
		AFF14E212B31DD4D0017CC40 /* KeychainImpl.swift */ = {isa = PBXFileReference; lastKnownFileType = sourcecode.swift; path = KeychainImpl.swift; sourceTree = "<group>"; };
		AFF300222B2FEC490008F8F9 /* AppleSDGothicNeoB00.ttf */ = {isa = PBXFileReference; lastKnownFileType = file; name = AppleSDGothicNeoB00.ttf; path = "../../../../../../Downloads/OnlineWebFonts_COM_c337ee010bdfc8144fba6e4a4294a751 (1)/AppleSDGothicNeoB00/AppleSDGothicNeoB00.ttf"; sourceTree = "<group>"; };
		AFF300242B2FEF8A0008F8F9 /* BoardGameApplicationView.swift */ = {isa = PBXFileReference; lastKnownFileType = sourcecode.swift; path = BoardGameApplicationView.swift; sourceTree = "<group>"; };
		EA7FFBA72B21375E00132C8E /* CounselingCheckView.swift */ = {isa = PBXFileReference; lastKnownFileType = sourcecode.swift; path = CounselingCheckView.swift; sourceTree = "<group>"; };
		EA8D26122B06049100F8D244 /* WarningPopupScreen.swift */ = {isa = PBXFileReference; lastKnownFileType = sourcecode.swift; path = WarningPopupScreen.swift; sourceTree = "<group>"; };
		EA8D26142B0604AF00F8D244 /* Diarywriting.swift */ = {isa = PBXFileReference; lastKnownFileType = sourcecode.swift; path = Diarywriting.swift; sourceTree = "<group>"; };
		EA8D26162B0604E000F8D244 /* DiaryLog.swift */ = {isa = PBXFileReference; lastKnownFileType = sourcecode.swift; path = DiaryLog.swift; sourceTree = "<group>"; };
		EAE14AC02ACDA6C400C99D60 /* ConsultLogView.swift */ = {isa = PBXFileReference; lastKnownFileType = sourcecode.swift; path = ConsultLogView.swift; sourceTree = "<group>"; };
/* End PBXFileReference section */

/* Begin PBXFrameworksBuildPhase section */
		AFA611572A94B54300D63657 /* Frameworks */ = {
			isa = PBXFrameworksBuildPhase;
			buildActionMask = 2147483647;
			files = (
				4C396FCE2B2B1F0F00F8C19D /* RxMoya in Frameworks */,
				4CAED9632AC3023E00A1EE76 /* PopupView in Frameworks */,
				4C3639F22AB7F36F00DD8F30 /* SwiftUICalendar in Frameworks */,
				4C396FCA2B2B1F0F00F8C19D /* Moya in Frameworks */,
				4C396FCC2B2B1F0F00F8C19D /* ReactiveMoya in Frameworks */,
				AFF14E162B31737F0017CC40 /* NeedleFoundation in Frameworks */,
				4C396FC82B2B1F0F00F8C19D /* CombineMoya in Frameworks */,
			);
			runOnlyForDeploymentPostprocessing = 0;
		};
/* End PBXFrameworksBuildPhase section */

/* Begin PBXGroup section */
		4C3639F32AB86D1100DD8F30 /* RecordFeature */ = {
			isa = PBXGroup;
			children = (
				4C3639F42AB86D2100DD8F30 /* View */,
			);
			path = RecordFeature;
			sourceTree = "<group>";
		};
		4C3639F42AB86D2100DD8F30 /* View */ = {
			isa = PBXGroup;
			children = (
				4C3639F52AB86D3400DD8F30 /* RecordView.swift */,
			);
			path = View;
			sourceTree = "<group>";
		};
		4C396FC02B2B1E9F00F8C19D /* Model */ = {
			isa = PBXGroup;
			children = (
				4C396FC12B2B1EA800F8C19D /* Model.swift */,
			);
			path = Model;
			sourceTree = "<group>";
		};
		4C396FC32B2B1EBF00F8C19D /* HomeViewModel */ = {
			isa = PBXGroup;
			children = (
				4C396FC42B2B1EDC00F8C19D /* HomeViewModel.swift */,
			);
			path = HomeViewModel;
			sourceTree = "<group>";
		};
		4C396FCF2B2B1F2000F8C19D /* API */ = {
			isa = PBXGroup;
			children = (
				4C396FD02B2B1F2900F8C19D /* API.swift */,
			);
			path = API;
			sourceTree = "<group>";
		};
		4C8A38E02B0EC5F800306580 /* Frameworks */ = {
			isa = PBXGroup;
			children = (
				4C8A38E12B0EC5F800306580 /* WidgetKit.framework */,
				4C8A38E32B0EC5F800306580 /* SwiftUI.framework */,
			);
			name = Frameworks;
			sourceTree = "<group>";
		};
		4CF1031D2AA6009D0059C4C2 /* HomeFeature */ = {
			isa = PBXGroup;
			children = (
				4C396FCF2B2B1F2000F8C19D /* API */,
				4C396FC32B2B1EBF00F8C19D /* HomeViewModel */,
				4C396FC02B2B1E9F00F8C19D /* Model */,
				4CF1031E2AA600AA0059C4C2 /* View */,
				4C3639F92ABAE8D100DD8F30 /* Calenderday.swift */,
			);
			path = HomeFeature;
			sourceTree = "<group>";
		};
		4CF1031E2AA600AA0059C4C2 /* View */ = {
			isa = PBXGroup;
			children = (
				4CF1031F2AA600C00059C4C2 /* HomeView.swift */,
			);
			path = View;
			sourceTree = "<group>";
		};
		4CF103212AA618540059C4C2 /* BoardGameFeature */ = {
			isa = PBXGroup;
			children = (
				4CF103222AA6186C0059C4C2 /* View */,
			);
			path = BoardGameFeature;
			sourceTree = "<group>";
		};
		4CF103222AA6186C0059C4C2 /* View */ = {
			isa = PBXGroup;
			children = (
				4CF103232AA618790059C4C2 /* BoardGameView.swift */,
				AFF300242B2FEF8A0008F8F9 /* BoardGameApplicationView.swift */,
			);
			path = View;
			sourceTree = "<group>";
		};
		4CF103252AA618820059C4C2 /* DiaryFeature */ = {
			isa = PBXGroup;
			children = (
				4CF103262AA618A50059C4C2 /* View */,
			);
			path = DiaryFeature;
			sourceTree = "<group>";
		};
		4CF103262AA618A50059C4C2 /* View */ = {
			isa = PBXGroup;
			children = (
				4CF103272AA618B50059C4C2 /* DiaryView.swift */,
				EA8D26142B0604AF00F8D244 /* Diarywriting.swift */,
				EA8D26122B06049100F8D244 /* WarningPopupScreen.swift */,
				EA8D26162B0604E000F8D244 /* DiaryLog.swift */,
			);
			path = View;
			sourceTree = "<group>";
		};
		4CF103292AA618C00059C4C2 /* ConsultationFeature */ = {
			isa = PBXGroup;
			children = (
				4CF1032A2AA618E40059C4C2 /* View */,
				4C3639F72AB9B80100DD8F30 /* DropdownItem.swift */,
			);
			path = ConsultationFeature;
			sourceTree = "<group>";
		};
		4CF1032A2AA618E40059C4C2 /* View */ = {
			isa = PBXGroup;
			children = (
				4CF1032B2AA618EF0059C4C2 /* ConsultationView.swift */,
			);
			path = View;
			sourceTree = "<group>";
		};
		4CF1032D2AA618F70059C4C2 /* ProfileFeature */ = {
			isa = PBXGroup;
			children = (
				4CF1032E2AA619050059C4C2 /* View */,
			);
			path = ProfileFeature;
			sourceTree = "<group>";
		};
		4CF1032E2AA619050059C4C2 /* View */ = {
			isa = PBXGroup;
			children = (
				4CF1032F2AA619140059C4C2 /* ProfileView.swift */,
			);
			path = View;
			sourceTree = "<group>";
		};
		4CF103312AA620B40059C4C2 /* MainFeature */ = {
			isa = PBXGroup;
			children = (
				4CF103322AA620BC0059C4C2 /* View */,
			);
			path = MainFeature;
			sourceTree = "<group>";
		};
		4CF103322AA620BC0059C4C2 /* View */ = {
			isa = PBXGroup;
			children = (
				4CF103332AA620C90059C4C2 /* MainView.swift */,
			);
			path = View;
			sourceTree = "<group>";
		};
		AFA611512A94B54300D63657 = {
			isa = PBXGroup;
			children = (
				4C72B2D72AEA6110003AD638 /* .swiftlint.yml */,
				AFA6115C2A94B54300D63657 /* Weeing */,
				4C8A38E02B0EC5F800306580 /* Frameworks */,
				AFA6115B2A94B54300D63657 /* Products */,
			);
			sourceTree = "<group>";
		};
		AFA6115B2A94B54300D63657 /* Products */ = {
			isa = PBXGroup;
			children = (
				AFA6115A2A94B54300D63657 /* Weeing.app */,
			);
			name = Products;
			sourceTree = "<group>";
		};
		AFA6115C2A94B54300D63657 /* Weeing */ = {
			isa = PBXGroup;
			children = (
				AFF14E172B3173D60017CC40 /* Data */,
				AFF14DD52B3140620017CC40 /* Domain */,
				AFF14DD12B3140000017CC40 /* Utility */,
				AFF14DBC2B313D2E0017CC40 /* Core */,
				AFF14D6D2B3082C80017CC40 /* Application */,
				AFA6115D2A94B54300D63657 /* WeeingApp.swift */,
				AFA611CB2A9F62CC00D63657 /* DesignSystem */,
				AFA611C32A9F007500D63657 /* Feature */,
				AFA6117A2A94C8DF00D63657 /* Info.plist */,
				AFA611612A94B54400D63657 /* Assets.xcassets */,
				AFA611632A94B54400D63657 /* Preview Content */,
			);
			path = Weeing;
			sourceTree = "<group>";
		};
		AFA611632A94B54400D63657 /* Preview Content */ = {
			isa = PBXGroup;
			children = (
				AFA611642A94B54400D63657 /* Preview Assets.xcassets */,
			);
			path = "Preview Content";
			sourceTree = "<group>";
		};
		AFA611722A94C72300D63657 /* Color */ = {
			isa = PBXGroup;
			children = (
				AFA611732A94C7FD00D63657 /* Colors.swift */,
			);
			path = Color;
			sourceTree = "<group>";
		};
		AFA611752A94C85700D63657 /* Font */ = {
			isa = PBXGroup;
			children = (
				4C396FBE2B2B1E8300F8C19D /* NotoSansKR-Bold.ttf */,
				4C396FBC2B2B1E6800F8C19D /* Nunito-Black.ttf */,
				AFF300222B2FEC490008F8F9 /* AppleSDGothicNeoB00.ttf */,
				4C396FD22B2B22F000F8C19D /* AppleSDGothicNeoEB00.ttf */,
			);
			path = Font;
			sourceTree = "<group>";
		};
		AFA611C32A9F007500D63657 /* Feature */ = {
			isa = PBXGroup;
			children = (
				AFF14DCA2B313EA40017CC40 /* BaseFeature */,
				AFF14DC12B313D6F0017CC40 /* RootFeature */,
				EA7FFBA52B21374000132C8E /* CounselingCheckFeature */,
				EAE14ABE2ACDA64000C99D60 /* ConsultLogFeature */,
				4C3639F32AB86D1100DD8F30 /* RecordFeature */,
				4CF103312AA620B40059C4C2 /* MainFeature */,
				4CF1032D2AA618F70059C4C2 /* ProfileFeature */,
				4CF103292AA618C00059C4C2 /* ConsultationFeature */,
				4CF103252AA618820059C4C2 /* DiaryFeature */,
				4CF103212AA618540059C4C2 /* BoardGameFeature */,
				4CF1031D2AA6009D0059C4C2 /* HomeFeature */,
				AFA611C82A9F02C200D63657 /* SplashFeature */,
				AFA611C62A9F026000D63657 /* SignUpFeature */,
				AFA611C42A9F012B00D63657 /* LoginFeature */,
			);
			path = Feature;
			sourceTree = "<group>";
		};
		AFA611C42A9F012B00D63657 /* LoginFeature */ = {
			isa = PBXGroup;
			children = (
				AFF14DC52B313DEF0017CC40 /* Interface */,
				AFA611C52A9F014600D63657 /* View */,
			);
			path = LoginFeature;
			sourceTree = "<group>";
		};
		AFA611C52A9F014600D63657 /* View */ = {
			isa = PBXGroup;
			children = (
				AFD02CE62AF9B831000CF617 /* LoginViewModel.swift */,
				AFA611702A94C6F400D63657 /* LoginView.swift */,
				AFA611912A961EC600D63657 /* FIndPasswordView.swift */,
				AFA611952A9779F900D63657 /* ResetPasswordView.swift */,
				AFF14E092B3166D30017CC40 /* LoginComponent.swift */,
			);
			path = View;
			sourceTree = "<group>";
		};
		AFA611C62A9F026000D63657 /* SignUpFeature */ = {
			isa = PBXGroup;
			children = (
				AFA611C72A9F027C00D63657 /* View */,
			);
			path = SignUpFeature;
			sourceTree = "<group>";
		};
		AFA611C72A9F027C00D63657 /* View */ = {
			isa = PBXGroup;
			children = (
				AFA611972A98756300D63657 /* UserInformationView.swift */,
				AFA6118D2A95D37E00D63657 /* MakePasswordView.swift */,
				AFA6117F2A94F61A00D63657 /* SignupView.swift */,
			);
			path = View;
			sourceTree = "<group>";
		};
		AFA611C82A9F02C200D63657 /* SplashFeature */ = {
			isa = PBXGroup;
			children = (
				AFA611C92A9F02D400D63657 /* View */,
			);
			path = SplashFeature;
			sourceTree = "<group>";
		};
		AFA611C92A9F02D400D63657 /* View */ = {
			isa = PBXGroup;
			children = (
				AFA6119F2A98877F00D63657 /* SplashView.swift */,
			);
			path = View;
			sourceTree = "<group>";
		};
		AFA611CB2A9F62CC00D63657 /* DesignSystem */ = {
			isa = PBXGroup;
			children = (
				AFA611E12AA3294500D63657 /* Resources */,
				AFA611CC2A9F635500D63657 /* Sources */,
			);
			path = DesignSystem;
			sourceTree = "<group>";
		};
		AFA611CC2A9F635500D63657 /* Sources */ = {
			isa = PBXGroup;
			children = (
				AFA611D42AA1E8EB00D63657 /* Button */,
				AFA611CD2A9F636700D63657 /* TextField */,
			);
			path = Sources;
			sourceTree = "<group>";
		};
		AFA611CD2A9F636700D63657 /* TextField */ = {
			isa = PBXGroup;
			children = (
				AFA611CE2A9F638200D63657 /* WeeingEmailTextField.swift */,
				AFA611D22AA1878F00D63657 /* WeeingPasswordTextField.swift */,
				AFA611D02AA1724000D63657 /* WeeingConfirmTextField.swift */,
				AFA611D92AA2FE2F00D63657 /* WeeingCheckPasswordTextField.swift */,
			);
			path = TextField;
			sourceTree = "<group>";
		};
		AFA611D42AA1E8EB00D63657 /* Button */ = {
			isa = PBXGroup;
			children = (
				AFA611D52AA1E94900D63657 /* StartPageButton.swift */,
			);
			path = Button;
			sourceTree = "<group>";
		};
		AFA611E12AA3294500D63657 /* Resources */ = {
			isa = PBXGroup;
			children = (
				AFA611752A94C85700D63657 /* Font */,
				AFA611722A94C72300D63657 /* Color */,
			);
			path = Resources;
			sourceTree = "<group>";
		};
		AFF14D6D2B3082C80017CC40 /* Application */ = {
			isa = PBXGroup;
			children = (
				AFF14D6E2B3082FC0017CC40 /* DI */,
			);
			path = Application;
			sourceTree = "<group>";
		};
		AFF14D6E2B3082FC0017CC40 /* DI */ = {
			isa = PBXGroup;
			children = (
				AFF14DB92B313C3E0017CC40 /* Users */,
				AFF14DAC2B3119140017CC40 /* Auth */,
			);
			path = DI;
			sourceTree = "<group>";
		};
		AFF14DAC2B3119140017CC40 /* Auth */ = {
			isa = PBXGroup;
			children = (
				AFF14DB72B313B910017CC40 /* AppComponent+Auth.swift */,
			);
			path = Auth;
			sourceTree = "<group>";
		};
		AFF14DB92B313C3E0017CC40 /* Users */ = {
			isa = PBXGroup;
			children = (
				AFF14DBA2B313C470017CC40 /* AppComponent.swift */,
			);
			path = Users;
			sourceTree = "<group>";
		};
		AFF14DBC2B313D2E0017CC40 /* Core */ = {
			isa = PBXGroup;
			children = (
				AFF14DBD2B313D3B0017CC40 /* Keychain */,
			);
			path = Core;
			sourceTree = "<group>";
		};
		AFF14DBD2B313D3B0017CC40 /* Keychain */ = {
			isa = PBXGroup;
			children = (
				AFF14DBE2B313D460017CC40 /* Sources */,
			);
			path = Keychain;
			sourceTree = "<group>";
		};
		AFF14DBE2B313D460017CC40 /* Sources */ = {
			isa = PBXGroup;
			children = (
				AFF14DBF2B313D520017CC40 /* Keychain.swift */,
				AFF14E212B31DD4D0017CC40 /* KeychainImpl.swift */,
			);
			path = Sources;
			sourceTree = "<group>";
		};
		AFF14DC12B313D6F0017CC40 /* RootFeature */ = {
			isa = PBXGroup;
			children = (
				AFF14DC22B313D7D0017CC40 /* Sources */,
			);
			path = RootFeature;
			sourceTree = "<group>";
		};
		AFF14DC22B313D7D0017CC40 /* Sources */ = {
			isa = PBXGroup;
			children = (
				AFF14DC32B313D970017CC40 /* RootComponent.swift */,
				AFF14DC82B313E220017CC40 /* RootView.swift */,
			);
			path = Sources;
			sourceTree = "<group>";
		};
		AFF14DC52B313DEF0017CC40 /* Interface */ = {
			isa = PBXGroup;
			children = (
				AFF14DC62B313DFF0017CC40 /* LoginFactory.swift */,
			);
			path = Interface;
			sourceTree = "<group>";
		};
		AFF14DCA2B313EA40017CC40 /* BaseFeature */ = {
			isa = PBXGroup;
			children = (
				AFF14E202B317A320017CC40 /* Flow */,
				AFF14DCB2B313EB00017CC40 /* Sources */,
				AFF14E0E2B316C560017CC40 /* BaseViewModel.swift */,
			);
			path = BaseFeature;
			sourceTree = "<group>";
		};
		AFF14DCB2B313EB00017CC40 /* Sources */ = {
			isa = PBXGroup;
			children = (
				AFF14E102B316D8A0017CC40 /* SceneState.swift */,
			);
			path = Sources;
			sourceTree = "<group>";
		};
		AFF14DD12B3140000017CC40 /* Utility */ = {
			isa = PBXGroup;
			children = (
				AFF14DD22B31400B0017CC40 /* Sources */,
			);
			path = Utility;
			sourceTree = "<group>";
		};
		AFF14DD22B31400B0017CC40 /* Sources */ = {
			isa = PBXGroup;
			children = (
				AFF14DD32B31401A0017CC40 /* ViewUtil.swift */,
				AFF14E002B315EDC0017CC40 /* DateUtil.swift */,
			);
			path = Sources;
			sourceTree = "<group>";
		};
		AFF14DD52B3140620017CC40 /* Domain */ = {
			isa = PBXGroup;
			children = (
				AFF14DE52B3143230017CC40 /* BaseDomain */,
				AFF14DD62B3140940017CC40 /* AuthDomain */,
			);
			path = Domain;
			sourceTree = "<group>";
		};
		AFF14DD62B3140940017CC40 /* AuthDomain */ = {
			isa = PBXGroup;
			children = (
				AFF14DE12B31422F0017CC40 /* Sources */,
				AFF14DD72B3140A60017CC40 /* Interface */,
			);
			path = AuthDomain;
			sourceTree = "<group>";
		};
		AFF14DD72B3140A60017CC40 /* Interface */ = {
			isa = PBXGroup;
			children = (
				AFF14E122B316EE40017CC40 /* Repository */,
				AFF14E0B2B3167790017CC40 /* UseCase */,
				AFF14DF72B3158570017CC40 /* Error */,
				AFF14DDE2B31417A0017CC40 /* Entity */,
				AFF14DD92B3140B80017CC40 /* DataSource */,
				AFF14DD82B3140B30017CC40 /* DTO */,
			);
			path = Interface;
			sourceTree = "<group>";
		};
		AFF14DD82B3140B30017CC40 /* DTO */ = {
			isa = PBXGroup;
			children = (
				AFF14E062B3163380017CC40 /* Response */,
				AFF14E032B31604D0017CC40 /* DataTransfer */,
				AFF14E022B3160400017CC40 /* Request */,
			);
			path = DTO;
			sourceTree = "<group>";
		};
		AFF14DD92B3140B80017CC40 /* DataSource */ = {
			isa = PBXGroup;
			children = (
				AFF14DDA2B3140CD0017CC40 /* RemoteAuthDataSource.swift */,
			);
			path = DataSource;
			sourceTree = "<group>";
		};
		AFF14DDE2B31417A0017CC40 /* Entity */ = {
			isa = PBXGroup;
			children = (
				AFF14DDF2B31418C0017CC40 /* LoginWeeingFeature.swift */,
			);
			path = Entity;
			sourceTree = "<group>";
		};
		AFF14DE12B31422F0017CC40 /* Sources */ = {
			isa = PBXGroup;
			children = (
				AFF14DF42B3157830017CC40 /* API */,
				AFF14DE22B3142430017CC40 /* DataSource */,
			);
			path = Sources;
			sourceTree = "<group>";
		};
		AFF14DE22B3142430017CC40 /* DataSource */ = {
			isa = PBXGroup;
			children = (
				AFF14DE32B31424F0017CC40 /* RemoteAuthDataSourceImpl.swift */,
			);
			path = DataSource;
			sourceTree = "<group>";
		};
		AFF14DE52B3143230017CC40 /* BaseDomain */ = {
			isa = PBXGroup;
			children = (
				AFF14DE62B3143310017CC40 /* Sources */,
			);
			path = BaseDomain;
			sourceTree = "<group>";
		};
		AFF14DE62B3143310017CC40 /* Sources */ = {
			isa = PBXGroup;
			children = (
				AFF14DFD2B315D290017CC40 /* Error */,
				AFF14DFA2B315CE20017CC40 /* API */,
				AFF14DEC2B3144FF0017CC40 /* Plugins */,
				AFF14DE72B3143390017CC40 /* Base */,
				AFF14DEA2B3144B50017CC40 /* WeeingAPI.swift */,
			);
			path = Sources;
			sourceTree = "<group>";
		};
		AFF14DE72B3143390017CC40 /* Base */ = {
			isa = PBXGroup;
			children = (
				AFF14DE82B3143430017CC40 /* BaseRemoteDataSource.swift */,
			);
			path = Base;
			sourceTree = "<group>";
		};
		AFF14DEC2B3144FF0017CC40 /* Plugins */ = {
			isa = PBXGroup;
			children = (
				AFF14DED2B31450D0017CC40 /* Jwt */,
			);
			path = Plugins;
			sourceTree = "<group>";
		};
		AFF14DED2B31450D0017CC40 /* Jwt */ = {
			isa = PBXGroup;
			children = (
				AFF14DEE2B31451C0017CC40 /* JwtAuthorizable.swift */,
				AFF14DF02B3145A40017CC40 /* JwtPlugin.swift */,
				AFF14DF22B3145C70017CC40 /* TokenDTO.swift */,
			);
			path = Jwt;
			sourceTree = "<group>";
		};
		AFF14DF42B3157830017CC40 /* API */ = {
			isa = PBXGroup;
			children = (
				AFF14DF52B31578F0017CC40 /* AuthAPI.swift */,
			);
			path = API;
			sourceTree = "<group>";
		};
		AFF14DF72B3158570017CC40 /* Error */ = {
			isa = PBXGroup;
			children = (
				AFF14DF82B31585D0017CC40 /* AuthDomainError.swift */,
			);
			path = Error;
			sourceTree = "<group>";
		};
		AFF14DFA2B315CE20017CC40 /* API */ = {
			isa = PBXGroup;
			children = (
				AFF14DFB2B315CEF0017CC40 /* RefreshAPI.swift */,
			);
			path = API;
			sourceTree = "<group>";
		};
		AFF14DFD2B315D290017CC40 /* Error */ = {
			isa = PBXGroup;
			children = (
				AFF14DFE2B315D310017CC40 /* RefreshError.swift */,
			);
			path = Error;
			sourceTree = "<group>";
		};
		AFF14E022B3160400017CC40 /* Request */ = {
			isa = PBXGroup;
			children = (
				AFF14DDC2B3141130017CC40 /* LoginRequestDTO.swift */,
			);
			path = Request;
			sourceTree = "<group>";
		};
		AFF14E032B31604D0017CC40 /* DataTransfer */ = {
			isa = PBXGroup;
			children = (
			);
			path = DataTransfer;
			sourceTree = "<group>";
		};
		AFF14E062B3163380017CC40 /* Response */ = {
			isa = PBXGroup;
			children = (
			);
			path = Response;
			sourceTree = "<group>";
		};
		AFF14E0B2B3167790017CC40 /* UseCase */ = {
			isa = PBXGroup;
			children = (
				AFF14E0C2B3167890017CC40 /* LoginUseCase.swift */,
			);
			path = UseCase;
			sourceTree = "<group>";
		};
		AFF14E122B316EE40017CC40 /* Repository */ = {
			isa = PBXGroup;
			children = (
				AFF14E132B316EF60017CC40 /* AuthRepository.swift */,
			);
			path = Repository;
			sourceTree = "<group>";
		};
		AFF14E172B3173D60017CC40 /* Data */ = {
			isa = PBXGroup;
			children = (
				AFF14E1C2B3174880017CC40 /* UseCase */,
				AFF14E182B3174090017CC40 /* Repository */,
			);
			path = Data;
			sourceTree = "<group>";
		};
		AFF14E182B3174090017CC40 /* Repository */ = {
			isa = PBXGroup;
			children = (
				AFF14E192B3174150017CC40 /* Auth */,
			);
			path = Repository;
			sourceTree = "<group>";
		};
		AFF14E192B3174150017CC40 /* Auth */ = {
			isa = PBXGroup;
			children = (
				AFF14E1A2B31741F0017CC40 /* AuthRepositoryImpl.swift */,
			);
			path = Auth;
			sourceTree = "<group>";
		};
		AFF14E1C2B3174880017CC40 /* UseCase */ = {
			isa = PBXGroup;
			children = (
				AFF14E1D2B31749C0017CC40 /* Auth */,
			);
			path = UseCase;
			sourceTree = "<group>";
		};
		AFF14E1D2B31749C0017CC40 /* Auth */ = {
			isa = PBXGroup;
			children = (
				AFF14E1E2B3174A80017CC40 /* LoginUseCaseImpl.swift */,
			);
			path = Auth;
			sourceTree = "<group>";
		};
		AFF14E202B317A320017CC40 /* Flow */ = {
			isa = PBXGroup;
			children = (
				AFF14DCF2B313F3E0017CC40 /* SceneFlow.swift */,
			);
			path = Flow;
			sourceTree = "<group>";
		};
		EA7FFBA52B21374000132C8E /* CounselingCheckFeature */ = {
			isa = PBXGroup;
			children = (
				EA7FFBA62B21375300132C8E /* View */,
			);
			path = CounselingCheckFeature;
			sourceTree = "<group>";
		};
		EA7FFBA62B21375300132C8E /* View */ = {
			isa = PBXGroup;
			children = (
				EA7FFBA72B21375E00132C8E /* CounselingCheckView.swift */,
			);
			path = View;
			sourceTree = "<group>";
		};
		EAE14ABE2ACDA64000C99D60 /* ConsultLogFeature */ = {
			isa = PBXGroup;
			children = (
				EAE14ABF2ACDA66100C99D60 /* View */,
			);
			path = ConsultLogFeature;
			sourceTree = "<group>";
		};
		EAE14ABF2ACDA66100C99D60 /* View */ = {
			isa = PBXGroup;
			children = (
				EAE14AC02ACDA6C400C99D60 /* ConsultLogView.swift */,
			);
			path = View;
			sourceTree = "<group>";
		};
/* End PBXGroup section */

/* Begin PBXNativeTarget section */
		AFA611592A94B54300D63657 /* Weeing */ = {
			isa = PBXNativeTarget;
			buildConfigurationList = AFA611682A94B54400D63657 /* Build configuration list for PBXNativeTarget "Weeing" */;
			buildPhases = (
				4CC5B40B2AF26E9900001DE6 /* SwiftLint */,
				4CC5B40C2AF274B200001DE6 /* SwiftFormat */,
				AFA611562A94B54300D63657 /* Sources */,
				AFA611572A94B54300D63657 /* Frameworks */,
				AFA611582A94B54300D63657 /* Resources */,
				4C8A38F42B0EC5FA00306580 /* Embed Foundation Extensions */,
			);
			buildRules = (
			);
			dependencies = (
			);
			name = Weeing;
			packageProductDependencies = (
				4C3639F12AB7F36F00DD8F30 /* SwiftUICalendar */,
				4CAED9622AC3023E00A1EE76 /* PopupView */,
				4C396FC72B2B1F0F00F8C19D /* CombineMoya */,
				4C396FC92B2B1F0F00F8C19D /* Moya */,
				4C396FCB2B2B1F0F00F8C19D /* ReactiveMoya */,
				4C396FCD2B2B1F0F00F8C19D /* RxMoya */,
				AFF14E152B31737F0017CC40 /* NeedleFoundation */,
			);
			productName = Weeing;
			productReference = AFA6115A2A94B54300D63657 /* Weeing.app */;
			productType = "com.apple.product-type.application";
		};
/* End PBXNativeTarget section */

/* Begin PBXProject section */
		AFA611522A94B54300D63657 /* Project object */ = {
			isa = PBXProject;
			attributes = {
				BuildIndependentTargetsInParallel = 1;
				LastSwiftUpdateCheck = 1500;
				LastUpgradeCheck = 1500;
				TargetAttributes = {
					AFA611592A94B54300D63657 = {
						CreatedOnToolsVersion = 14.3;
					};
				};
			};
			buildConfigurationList = AFA611552A94B54300D63657 /* Build configuration list for PBXProject "Weeing" */;
			compatibilityVersion = "Xcode 14.0";
			developmentRegion = ko;
			hasScannedForEncodings = 0;
			knownRegions = (
				en,
				Base,
				ko,
			);
			mainGroup = AFA611512A94B54300D63657;
			packageReferences = (
				4C3639F02AB7F36F00DD8F30 /* XCRemoteSwiftPackageReference "SwiftUICalendar" */,
				4CAED9612AC3023E00A1EE76 /* XCRemoteSwiftPackageReference "PopupView" */,
				4C396FC62B2B1F0F00F8C19D /* XCRemoteSwiftPackageReference "Moya" */,
				AFF14D712B3087550017CC40 /* XCRemoteSwiftPackageReference "needle" */,
			);
			productRefGroup = AFA6115B2A94B54300D63657 /* Products */;
			projectDirPath = "";
			projectRoot = "";
			targets = (
				AFA611592A94B54300D63657 /* Weeing */,
			);
		};
/* End PBXProject section */

/* Begin PBXResourcesBuildPhase section */
		AFA611582A94B54300D63657 /* Resources */ = {
			isa = PBXResourcesBuildPhase;
			buildActionMask = 2147483647;
			files = (
				AFF300232B2FEC490008F8F9 /* AppleSDGothicNeoB00.ttf in Resources */,
				4C396FBD2B2B1E6800F8C19D /* Nunito-Black.ttf in Resources */,
				4C72B2D82AEA6110003AD638 /* .swiftlint.yml in Resources */,
				4C396FBF2B2B1E8300F8C19D /* NotoSansKR-Bold.ttf in Resources */,
				AFA611652A94B54400D63657 /* Preview Assets.xcassets in Resources */,
				4C396FD62B2B22F000F8C19D /* AppleSDGothicNeoEB00.ttf in Resources */,
				AFA611622A94B54400D63657 /* Assets.xcassets in Resources */,
			);
			runOnlyForDeploymentPostprocessing = 0;
		};
/* End PBXResourcesBuildPhase section */

/* Begin PBXShellScriptBuildPhase section */
		4CC5B40B2AF26E9900001DE6 /* SwiftLint */ = {
			isa = PBXShellScriptBuildPhase;
			buildActionMask = 2147483647;
			files = (
			);
			inputFileListPaths = (
			);
			inputPaths = (
			);
			name = SwiftLint;
			outputFileListPaths = (
			);
			outputPaths = (
			);
			runOnlyForDeploymentPostprocessing = 0;
			shellPath = /bin/sh;
			shellScript = "# Type a script or drag a script file from your workspace to insert its path.\nexport PATH=\"$PATH:/opt/homebrew/bin\"\nif which swiftlint > /dev/null; then\n  swiftlint\nelse\n  echo \"warning: SwiftLint not installed, download from https://github.com/realm/SwiftLint\"\nfi\n";
		};
		4CC5B40C2AF274B200001DE6 /* SwiftFormat */ = {
			isa = PBXShellScriptBuildPhase;
			buildActionMask = 2147483647;
			files = (
			);
			inputFileListPaths = (
			);
			inputPaths = (
			);
			name = SwiftFormat;
			outputFileListPaths = (
			);
			outputPaths = (
			);
			runOnlyForDeploymentPostprocessing = 0;
			shellPath = /bin/sh;
			shellScript = "# Type a script or drag a script file from your workspace to insert its path.\nexport PATH=\"$PATH:/opt/homebrew/bin\"\nif which swiftformat > /dev/null; then\n  swiftformat .\nelse\n  echo \"warning: SwiftFormat not installed, download from https://github.com/nicklockwood/SwiftFormat\"\nfi\n";
		};
/* End PBXShellScriptBuildPhase section */

/* Begin PBXSourcesBuildPhase section */
		AFA611562A94B54300D63657 /* Sources */ = {
			isa = PBXSourcesBuildPhase;
			buildActionMask = 2147483647;
			files = (
				AFF14DDB2B3140CD0017CC40 /* RemoteAuthDataSource.swift in Sources */,
				AFA611712A94C6F400D63657 /* LoginView.swift in Sources */,
				EA8D26152B0604AF00F8D244 /* Diarywriting.swift in Sources */,
				AFA611922A961EC600D63657 /* FIndPasswordView.swift in Sources */,
				AFF14DF12B3145A40017CC40 /* JwtPlugin.swift in Sources */,
				AFF14E1B2B31741F0017CC40 /* AuthRepositoryImpl.swift in Sources */,
				AFA611742A94C7FD00D63657 /* Colors.swift in Sources */,
				AFF14E112B316D8A0017CC40 /* SceneState.swift in Sources */,
				AFF14E222B31DD4D0017CC40 /* KeychainImpl.swift in Sources */,
				AFA611962A9779F900D63657 /* ResetPasswordView.swift in Sources */,
				AFF14DC02B313D520017CC40 /* Keychain.swift in Sources */,
				EAE14AC12ACDA6C400C99D60 /* ConsultLogView.swift in Sources */,
				AFA611DA2AA2FE2F00D63657 /* WeeingCheckPasswordTextField.swift in Sources */,
				AFF14DD42B31401A0017CC40 /* ViewUtil.swift in Sources */,
				AFF14DE42B31424F0017CC40 /* RemoteAuthDataSourceImpl.swift in Sources */,
				AFA6115E2A94B54300D63657 /* WeeingApp.swift in Sources */,
				AFF14E012B315EDC0017CC40 /* DateUtil.swift in Sources */,
				AFA611802A94F61A00D63657 /* SignupView.swift in Sources */,
				AFF14DC42B313D970017CC40 /* RootComponent.swift in Sources */,
				AFF14DF62B31578F0017CC40 /* AuthAPI.swift in Sources */,
				AFA611D62AA1E94900D63657 /* StartPageButton.swift in Sources */,
				AFA611CF2A9F638200D63657 /* WeeingEmailTextField.swift in Sources */,
				4C3639F82AB9B80100DD8F30 /* DropdownItem.swift in Sources */,
				AFA611A02A98877F00D63657 /* SplashView.swift in Sources */,
				EA8D26132B06049100F8D244 /* WarningPopupScreen.swift in Sources */,
				AFF14DF92B31585D0017CC40 /* AuthDomainError.swift in Sources */,
				4C3639F62AB86D3400DD8F30 /* RecordView.swift in Sources */,
				4C396FC22B2B1EA800F8C19D /* Model.swift in Sources */,
				AFD02CE72AF9B831000CF617 /* LoginViewModel.swift in Sources */,
				AFA6118E2A95D37E00D63657 /* MakePasswordView.swift in Sources */,
				4CF1032C2AA618EF0059C4C2 /* ConsultationView.swift in Sources */,
				AFF14DB82B313B910017CC40 /* AppComponent+Auth.swift in Sources */,
				4CF103282AA618B50059C4C2 /* DiaryView.swift in Sources */,
				AFF14DE92B3143430017CC40 /* BaseRemoteDataSource.swift in Sources */,
				4C3639FA2ABAE8D100DD8F30 /* Calenderday.swift in Sources */,
				AFF300252B2FEF8A0008F8F9 /* BoardGameApplicationView.swift in Sources */,
				AFF14DD02B313F3E0017CC40 /* SceneFlow.swift in Sources */,
				AFF14DFF2B315D310017CC40 /* RefreshError.swift in Sources */,
				EA8D26172B0604E000F8D244 /* DiaryLog.swift in Sources */,
				4CF103342AA620C90059C4C2 /* MainView.swift in Sources */,
				AFF14DE02B31418C0017CC40 /* LoginWeeingFeature.swift in Sources */,
				EA7FFBA82B21375E00132C8E /* CounselingCheckView.swift in Sources */,
				AFF14DEB2B3144B50017CC40 /* WeeingAPI.swift in Sources */,
				AFF14DEF2B31451C0017CC40 /* JwtAuthorizable.swift in Sources */,
				4CF103242AA618790059C4C2 /* BoardGameView.swift in Sources */,
				AFA611D12AA1724000D63657 /* WeeingConfirmTextField.swift in Sources */,
				AFA611982A98756300D63657 /* UserInformationView.swift in Sources */,
				4CF103302AA619140059C4C2 /* ProfileView.swift in Sources */,
				AFF14DFC2B315CEF0017CC40 /* RefreshAPI.swift in Sources */,
				AFF14E0A2B3166D30017CC40 /* LoginComponent.swift in Sources */,
				AFF14DBB2B313C470017CC40 /* AppComponent.swift in Sources */,
				4CF103202AA600C00059C4C2 /* HomeView.swift in Sources */,
				4C396FC52B2B1EDC00F8C19D /* HomeViewModel.swift in Sources */,
				AFF14E0D2B3167890017CC40 /* LoginUseCase.swift in Sources */,
				AFF14DC92B313E220017CC40 /* RootView.swift in Sources */,
				AFF14E142B316EF60017CC40 /* AuthRepository.swift in Sources */,
				AFF14E0F2B316C560017CC40 /* BaseViewModel.swift in Sources */,
				AFF14E1F2B3174A80017CC40 /* LoginUseCaseImpl.swift in Sources */,
				4C396FD12B2B1F2900F8C19D /* API.swift in Sources */,
				AFF14DDD2B3141130017CC40 /* LoginRequestDTO.swift in Sources */,
				AFF14DC72B313DFF0017CC40 /* LoginFactory.swift in Sources */,
				AFF14DF32B3145C70017CC40 /* TokenDTO.swift in Sources */,
				AFA611D32AA1878F00D63657 /* WeeingPasswordTextField.swift in Sources */,
			);
			runOnlyForDeploymentPostprocessing = 0;
		};
/* End PBXSourcesBuildPhase section */

/* Begin XCBuildConfiguration section */
		AFA611662A94B54400D63657 /* Debug */ = {
			isa = XCBuildConfiguration;
			buildSettings = {
				ALWAYS_SEARCH_USER_PATHS = NO;
				CLANG_ANALYZER_NONNULL = YES;
				CLANG_ANALYZER_NUMBER_OBJECT_CONVERSION = YES_AGGRESSIVE;
				CLANG_CXX_LANGUAGE_STANDARD = "gnu++20";
				CLANG_ENABLE_MODULES = YES;
				CLANG_ENABLE_OBJC_ARC = YES;
				CLANG_ENABLE_OBJC_WEAK = YES;
				CLANG_WARN_BLOCK_CAPTURE_AUTORELEASING = YES;
				CLANG_WARN_BOOL_CONVERSION = YES;
				CLANG_WARN_COMMA = YES;
				CLANG_WARN_CONSTANT_CONVERSION = YES;
				CLANG_WARN_DEPRECATED_OBJC_IMPLEMENTATIONS = YES;
				CLANG_WARN_DIRECT_OBJC_ISA_USAGE = YES_ERROR;
				CLANG_WARN_DOCUMENTATION_COMMENTS = YES;
				CLANG_WARN_EMPTY_BODY = YES;
				CLANG_WARN_ENUM_CONVERSION = YES;
				CLANG_WARN_INFINITE_RECURSION = YES;
				CLANG_WARN_INT_CONVERSION = YES;
				CLANG_WARN_NON_LITERAL_NULL_CONVERSION = YES;
				CLANG_WARN_OBJC_IMPLICIT_RETAIN_SELF = YES;
				CLANG_WARN_OBJC_LITERAL_CONVERSION = YES;
				CLANG_WARN_OBJC_ROOT_CLASS = YES_ERROR;
				CLANG_WARN_QUOTED_INCLUDE_IN_FRAMEWORK_HEADER = YES;
				CLANG_WARN_RANGE_LOOP_ANALYSIS = YES;
				CLANG_WARN_STRICT_PROTOTYPES = YES;
				CLANG_WARN_SUSPICIOUS_MOVE = YES;
				CLANG_WARN_UNGUARDED_AVAILABILITY = YES_AGGRESSIVE;
				CLANG_WARN_UNREACHABLE_CODE = YES;
				CLANG_WARN__DUPLICATE_METHOD_MATCH = YES;
				COPY_PHASE_STRIP = NO;
				DEBUG_INFORMATION_FORMAT = dwarf;
				ENABLE_STRICT_OBJC_MSGSEND = YES;
				ENABLE_TESTABILITY = YES;
				ENABLE_USER_SCRIPT_SANDBOXING = YES;
				GCC_C_LANGUAGE_STANDARD = gnu11;
				GCC_DYNAMIC_NO_PIC = NO;
				GCC_NO_COMMON_BLOCKS = YES;
				GCC_OPTIMIZATION_LEVEL = 0;
				GCC_PREPROCESSOR_DEFINITIONS = (
					"DEBUG=1",
					"$(inherited)",
				);
				GCC_WARN_64_TO_32_BIT_CONVERSION = YES;
				GCC_WARN_ABOUT_RETURN_TYPE = YES_ERROR;
				GCC_WARN_UNDECLARED_SELECTOR = YES;
				GCC_WARN_UNINITIALIZED_AUTOS = YES_AGGRESSIVE;
				GCC_WARN_UNUSED_FUNCTION = YES;
				GCC_WARN_UNUSED_VARIABLE = YES;
				IPHONEOS_DEPLOYMENT_TARGET = 16.4;
				MTL_ENABLE_DEBUG_INFO = INCLUDE_SOURCE;
				MTL_FAST_MATH = YES;
				ONLY_ACTIVE_ARCH = YES;
				SDKROOT = iphoneos;
				SUPPORTED_PLATFORMS = "iphonesimulator iphoneos";
				SWIFT_ACTIVE_COMPILATION_CONDITIONS = DEBUG;
				SWIFT_OPTIMIZATION_LEVEL = "-Onone";
			};
			name = Debug;
		};
		AFA611672A94B54400D63657 /* Release */ = {
			isa = XCBuildConfiguration;
			buildSettings = {
				ALWAYS_SEARCH_USER_PATHS = NO;
				CLANG_ANALYZER_NONNULL = YES;
				CLANG_ANALYZER_NUMBER_OBJECT_CONVERSION = YES_AGGRESSIVE;
				CLANG_CXX_LANGUAGE_STANDARD = "gnu++20";
				CLANG_ENABLE_MODULES = YES;
				CLANG_ENABLE_OBJC_ARC = YES;
				CLANG_ENABLE_OBJC_WEAK = YES;
				CLANG_WARN_BLOCK_CAPTURE_AUTORELEASING = YES;
				CLANG_WARN_BOOL_CONVERSION = YES;
				CLANG_WARN_COMMA = YES;
				CLANG_WARN_CONSTANT_CONVERSION = YES;
				CLANG_WARN_DEPRECATED_OBJC_IMPLEMENTATIONS = YES;
				CLANG_WARN_DIRECT_OBJC_ISA_USAGE = YES_ERROR;
				CLANG_WARN_DOCUMENTATION_COMMENTS = YES;
				CLANG_WARN_EMPTY_BODY = YES;
				CLANG_WARN_ENUM_CONVERSION = YES;
				CLANG_WARN_INFINITE_RECURSION = YES;
				CLANG_WARN_INT_CONVERSION = YES;
				CLANG_WARN_NON_LITERAL_NULL_CONVERSION = YES;
				CLANG_WARN_OBJC_IMPLICIT_RETAIN_SELF = YES;
				CLANG_WARN_OBJC_LITERAL_CONVERSION = YES;
				CLANG_WARN_OBJC_ROOT_CLASS = YES_ERROR;
				CLANG_WARN_QUOTED_INCLUDE_IN_FRAMEWORK_HEADER = YES;
				CLANG_WARN_RANGE_LOOP_ANALYSIS = YES;
				CLANG_WARN_STRICT_PROTOTYPES = YES;
				CLANG_WARN_SUSPICIOUS_MOVE = YES;
				CLANG_WARN_UNGUARDED_AVAILABILITY = YES_AGGRESSIVE;
				CLANG_WARN_UNREACHABLE_CODE = YES;
				CLANG_WARN__DUPLICATE_METHOD_MATCH = YES;
				COPY_PHASE_STRIP = NO;
				DEBUG_INFORMATION_FORMAT = "dwarf-with-dsym";
				ENABLE_NS_ASSERTIONS = NO;
				ENABLE_STRICT_OBJC_MSGSEND = YES;
				ENABLE_USER_SCRIPT_SANDBOXING = YES;
				GCC_C_LANGUAGE_STANDARD = gnu11;
				GCC_NO_COMMON_BLOCKS = YES;
				GCC_WARN_64_TO_32_BIT_CONVERSION = YES;
				GCC_WARN_ABOUT_RETURN_TYPE = YES_ERROR;
				GCC_WARN_UNDECLARED_SELECTOR = YES;
				GCC_WARN_UNINITIALIZED_AUTOS = YES_AGGRESSIVE;
				GCC_WARN_UNUSED_FUNCTION = YES;
				GCC_WARN_UNUSED_VARIABLE = YES;
				IPHONEOS_DEPLOYMENT_TARGET = 16.4;
				MTL_ENABLE_DEBUG_INFO = NO;
				MTL_FAST_MATH = YES;
				SDKROOT = iphoneos;
				SUPPORTED_PLATFORMS = "iphonesimulator iphoneos";
				SWIFT_COMPILATION_MODE = wholemodule;
				SWIFT_OPTIMIZATION_LEVEL = "-O";
				VALIDATE_PRODUCT = YES;
			};
			name = Release;
		};
		AFA611692A94B54400D63657 /* Debug */ = {
			isa = XCBuildConfiguration;
			buildSettings = {
				ASSETCATALOG_COMPILER_APPICON_NAME = AppIcon;
				ASSETCATALOG_COMPILER_GLOBAL_ACCENT_COLOR_NAME = AccentColor;
				CODE_SIGN_STYLE = Automatic;
				CURRENT_PROJECT_VERSION = 1;
				DEVELOPMENT_ASSET_PATHS = "\"Weeing/Preview Content\"";
				DEVELOPMENT_TEAM = "";
				ENABLE_PREVIEWS = YES;
				ENABLE_USER_SCRIPT_SANDBOXING = NO;
				GENERATE_INFOPLIST_FILE = YES;
				INFOPLIST_FILE = Weeing/Info.plist;
				INFOPLIST_KEY_UIApplicationSceneManifest_Generation = YES;
				INFOPLIST_KEY_UIApplicationSupportsIndirectInputEvents = YES;
				INFOPLIST_KEY_UILaunchScreen_Generation = YES;
				INFOPLIST_KEY_UISupportedInterfaceOrientations_iPad = "UIInterfaceOrientationPortrait UIInterfaceOrientationPortraitUpsideDown UIInterfaceOrientationLandscapeLeft UIInterfaceOrientationLandscapeRight";
				INFOPLIST_KEY_UISupportedInterfaceOrientations_iPhone = "UIInterfaceOrientationPortrait UIInterfaceOrientationLandscapeLeft UIInterfaceOrientationLandscapeRight";
				LD_RUNPATH_SEARCH_PATHS = (
					"$(inherited)",
					"@executable_path/Frameworks",
				);
				MARKETING_VERSION = 1.0;
				PRODUCT_BUNDLE_IDENTIFIER = com.gapple.Weeing;
				PRODUCT_NAME = "$(TARGET_NAME)";
				SWIFT_EMIT_LOC_STRINGS = YES;
				SWIFT_VERSION = 5.0;
				TARGETED_DEVICE_FAMILY = "1,2";
			};
			name = Debug;
		};
		AFA6116A2A94B54400D63657 /* Release */ = {
			isa = XCBuildConfiguration;
			buildSettings = {
				ASSETCATALOG_COMPILER_APPICON_NAME = AppIcon;
				ASSETCATALOG_COMPILER_GLOBAL_ACCENT_COLOR_NAME = AccentColor;
				CODE_SIGN_STYLE = Automatic;
				CURRENT_PROJECT_VERSION = 1;
				DEVELOPMENT_ASSET_PATHS = "\"Weeing/Preview Content\"";
				DEVELOPMENT_TEAM = "";
				ENABLE_PREVIEWS = YES;
				ENABLE_USER_SCRIPT_SANDBOXING = NO;
				GENERATE_INFOPLIST_FILE = YES;
				INFOPLIST_FILE = Weeing/Info.plist;
				INFOPLIST_KEY_UIApplicationSceneManifest_Generation = YES;
				INFOPLIST_KEY_UIApplicationSupportsIndirectInputEvents = YES;
				INFOPLIST_KEY_UILaunchScreen_Generation = YES;
				INFOPLIST_KEY_UISupportedInterfaceOrientations_iPad = "UIInterfaceOrientationPortrait UIInterfaceOrientationPortraitUpsideDown UIInterfaceOrientationLandscapeLeft UIInterfaceOrientationLandscapeRight";
				INFOPLIST_KEY_UISupportedInterfaceOrientations_iPhone = "UIInterfaceOrientationPortrait UIInterfaceOrientationLandscapeLeft UIInterfaceOrientationLandscapeRight";
				LD_RUNPATH_SEARCH_PATHS = (
					"$(inherited)",
					"@executable_path/Frameworks",
				);
				MARKETING_VERSION = 1.0;
				PRODUCT_BUNDLE_IDENTIFIER = com.gapple.Weeing;
				PRODUCT_NAME = "$(TARGET_NAME)";
				SWIFT_EMIT_LOC_STRINGS = YES;
				SWIFT_VERSION = 5.0;
				TARGETED_DEVICE_FAMILY = "1,2";
			};
			name = Release;
		};
/* End XCBuildConfiguration section */

/* Begin XCConfigurationList section */
		AFA611552A94B54300D63657 /* Build configuration list for PBXProject "Weeing" */ = {
			isa = XCConfigurationList;
			buildConfigurations = (
				AFA611662A94B54400D63657 /* Debug */,
				AFA611672A94B54400D63657 /* Release */,
			);
			defaultConfigurationIsVisible = 0;
			defaultConfigurationName = Release;
		};
		AFA611682A94B54400D63657 /* Build configuration list for PBXNativeTarget "Weeing" */ = {
			isa = XCConfigurationList;
			buildConfigurations = (
				AFA611692A94B54400D63657 /* Debug */,
				AFA6116A2A94B54400D63657 /* Release */,
			);
			defaultConfigurationIsVisible = 0;
			defaultConfigurationName = Release;
		};
/* End XCConfigurationList section */

/* Begin XCRemoteSwiftPackageReference section */
		4C3639F02AB7F36F00DD8F30 /* XCRemoteSwiftPackageReference "SwiftUICalendar" */ = {
			isa = XCRemoteSwiftPackageReference;
			repositoryURL = "https://github.com/GGJJack/SwiftUICalendar";
			requirement = {
				kind = upToNextMajorVersion;
				minimumVersion = 0.1.14;
			};
		};
		4C396FC62B2B1F0F00F8C19D /* XCRemoteSwiftPackageReference "Moya" */ = {
			isa = XCRemoteSwiftPackageReference;
			repositoryURL = "https://github.com/Moya/Moya";
			requirement = {
				kind = upToNextMajorVersion;
				minimumVersion = 15.0.3;
			};
		};
		4CAED9612AC3023E00A1EE76 /* XCRemoteSwiftPackageReference "PopupView" */ = {
			isa = XCRemoteSwiftPackageReference;
			repositoryURL = "https://github.com/exyte/PopupView.git";
			requirement = {
				kind = upToNextMajorVersion;
				minimumVersion = 2.0.0;
			};
		};
		AFF14D712B3087550017CC40 /* XCRemoteSwiftPackageReference "needle" */ = {
			isa = XCRemoteSwiftPackageReference;
			repositoryURL = "https://github.com/uber/needle";
			requirement = {
				branch = master;
				kind = branch;
			};
		};
/* End XCRemoteSwiftPackageReference section */

/* Begin XCSwiftPackageProductDependency section */
		4C3639F12AB7F36F00DD8F30 /* SwiftUICalendar */ = {
			isa = XCSwiftPackageProductDependency;
			package = 4C3639F02AB7F36F00DD8F30 /* XCRemoteSwiftPackageReference "SwiftUICalendar" */;
			productName = SwiftUICalendar;
		};
		4C396FC72B2B1F0F00F8C19D /* CombineMoya */ = {
			isa = XCSwiftPackageProductDependency;
			package = 4C396FC62B2B1F0F00F8C19D /* XCRemoteSwiftPackageReference "Moya" */;
			productName = CombineMoya;
		};
		4C396FC92B2B1F0F00F8C19D /* Moya */ = {
			isa = XCSwiftPackageProductDependency;
			package = 4C396FC62B2B1F0F00F8C19D /* XCRemoteSwiftPackageReference "Moya" */;
			productName = Moya;
		};
		4C396FCB2B2B1F0F00F8C19D /* ReactiveMoya */ = {
			isa = XCSwiftPackageProductDependency;
			package = 4C396FC62B2B1F0F00F8C19D /* XCRemoteSwiftPackageReference "Moya" */;
			productName = ReactiveMoya;
		};
		4C396FCD2B2B1F0F00F8C19D /* RxMoya */ = {
			isa = XCSwiftPackageProductDependency;
			package = 4C396FC62B2B1F0F00F8C19D /* XCRemoteSwiftPackageReference "Moya" */;
			productName = RxMoya;
		};
		4CAED9622AC3023E00A1EE76 /* PopupView */ = {
			isa = XCSwiftPackageProductDependency;
			package = 4CAED9612AC3023E00A1EE76 /* XCRemoteSwiftPackageReference "PopupView" */;
			productName = PopupView;
		};
		AFF14E152B31737F0017CC40 /* NeedleFoundation */ = {
			isa = XCSwiftPackageProductDependency;
			package = AFF14D712B3087550017CC40 /* XCRemoteSwiftPackageReference "needle" */;
			productName = NeedleFoundation;
		};
/* End XCSwiftPackageProductDependency section */
	};
	rootObject = AFA611522A94B54300D63657 /* Project object */;
}
