// !$*UTF8*$!
{
	archiveVersion = 1;
	classes = {
	};
	objectVersion = 56;
	objects = {

/* Begin PBXBuildFile section */
		4C3639F22AB7F36F00DD8F30 /* SwiftUICalendar in Frameworks */ = {isa = PBXBuildFile; productRef = 4C3639F12AB7F36F00DD8F30 /* SwiftUICalendar */; };
		4C3639F62AB86D3400DD8F30 /* RecordView.swift in Sources */ = {isa = PBXBuildFile; fileRef = 4C3639F52AB86D3400DD8F30 /* RecordView.swift */; };
		4C3639F82AB9B80100DD8F30 /* DropdownItem.swift in Sources */ = {isa = PBXBuildFile; fileRef = 4C3639F72AB9B80100DD8F30 /* DropdownItem.swift */; };
		4C3639FA2ABAE8D100DD8F30 /* Calenderday.swift in Sources */ = {isa = PBXBuildFile; fileRef = 4C3639F92ABAE8D100DD8F30 /* Calenderday.swift */; };
		4C72B2D82AEA6110003AD638 /* .swiftlint.yml in Resources */ = {isa = PBXBuildFile; fileRef = 4C72B2D72AEA6110003AD638 /* .swiftlint.yml */; };
		4CACACBA2B05F41900CD7D42 /* AppleSDGothicNeoSB00.ttf in Resources */ = {isa = PBXBuildFile; fileRef = 4CACACB72B05F41900CD7D42 /* AppleSDGothicNeoSB00.ttf */; };
		4CACACBB2B05F41900CD7D42 /* AppleSDGothicNeoB00.ttf in Resources */ = {isa = PBXBuildFile; fileRef = 4CACACB82B05F41900CD7D42 /* AppleSDGothicNeoB00.ttf */; };
		4CACACBC2B05F41900CD7D42 /* AppleSDGothicNeoM00.ttf in Resources */ = {isa = PBXBuildFile; fileRef = 4CACACB92B05F41900CD7D42 /* AppleSDGothicNeoM00.ttf */; };
		4CAED9632AC3023E00A1EE76 /* PopupView in Frameworks */ = {isa = PBXBuildFile; productRef = 4CAED9622AC3023E00A1EE76 /* PopupView */; };
		4CF103202AA600C00059C4C2 /* HomeView.swift in Sources */ = {isa = PBXBuildFile; fileRef = 4CF1031F2AA600C00059C4C2 /* HomeView.swift */; };
		4CF103242AA618790059C4C2 /* BoardGameView.swift in Sources */ = {isa = PBXBuildFile; fileRef = 4CF103232AA618790059C4C2 /* BoardGameView.swift */; };
		4CF103282AA618B50059C4C2 /* DiaryView.swift in Sources */ = {isa = PBXBuildFile; fileRef = 4CF103272AA618B50059C4C2 /* DiaryView.swift */; };
		4CF1032C2AA618EF0059C4C2 /* ConsultationView.swift in Sources */ = {isa = PBXBuildFile; fileRef = 4CF1032B2AA618EF0059C4C2 /* ConsultationView.swift */; };
		4CF103302AA619140059C4C2 /* ProfileView.swift in Sources */ = {isa = PBXBuildFile; fileRef = 4CF1032F2AA619140059C4C2 /* ProfileView.swift */; };
		4CF103342AA620C90059C4C2 /* MainView.swift in Sources */ = {isa = PBXBuildFile; fileRef = 4CF103332AA620C90059C4C2 /* MainView.swift */; };
		AFA6115E2A94B54300D63657 /* WeeingApp.swift in Sources */ = {isa = PBXBuildFile; fileRef = AFA6115D2A94B54300D63657 /* WeeingApp.swift */; };
		AFA611622A94B54400D63657 /* Assets.xcassets in Resources */ = {isa = PBXBuildFile; fileRef = AFA611612A94B54400D63657 /* Assets.xcassets */; };
		AFA611652A94B54400D63657 /* Preview Assets.xcassets in Resources */ = {isa = PBXBuildFile; fileRef = AFA611642A94B54400D63657 /* Preview Assets.xcassets */; };
		AFA611712A94C6F400D63657 /* LoginView.swift in Sources */ = {isa = PBXBuildFile; fileRef = AFA611702A94C6F400D63657 /* LoginView.swift */; };
		AFA611742A94C7FD00D63657 /* Colors.swift in Sources */ = {isa = PBXBuildFile; fileRef = AFA611732A94C7FD00D63657 /* Colors.swift */; };
		AFA611802A94F61A00D63657 /* SignupView.swift in Sources */ = {isa = PBXBuildFile; fileRef = AFA6117F2A94F61A00D63657 /* SignupView.swift */; };
		AFA6118E2A95D37E00D63657 /* MakePasswordView.swift in Sources */ = {isa = PBXBuildFile; fileRef = AFA6118D2A95D37E00D63657 /* MakePasswordView.swift */; };
		AFA611922A961EC600D63657 /* FIndPasswordView.swift in Sources */ = {isa = PBXBuildFile; fileRef = AFA611912A961EC600D63657 /* FIndPasswordView.swift */; };
		AFA611962A9779F900D63657 /* ResetPasswordView.swift in Sources */ = {isa = PBXBuildFile; fileRef = AFA611952A9779F900D63657 /* ResetPasswordView.swift */; };
		AFA611982A98756300D63657 /* UserInformationView.swift in Sources */ = {isa = PBXBuildFile; fileRef = AFA611972A98756300D63657 /* UserInformationView.swift */; };
		AFA611A02A98877F00D63657 /* SplashView.swift in Sources */ = {isa = PBXBuildFile; fileRef = AFA6119F2A98877F00D63657 /* SplashView.swift */; };
		AFA611CF2A9F638200D63657 /* WeeingEmailTextField.swift in Sources */ = {isa = PBXBuildFile; fileRef = AFA611CE2A9F638200D63657 /* WeeingEmailTextField.swift */; };
		AFA611D12AA1724000D63657 /* WeeingConfirmTextField.swift in Sources */ = {isa = PBXBuildFile; fileRef = AFA611D02AA1724000D63657 /* WeeingConfirmTextField.swift */; };
		AFA611D32AA1878F00D63657 /* WeeingPasswordTextField.swift in Sources */ = {isa = PBXBuildFile; fileRef = AFA611D22AA1878F00D63657 /* WeeingPasswordTextField.swift */; };
		AFA611D62AA1E94900D63657 /* StartPageButton.swift in Sources */ = {isa = PBXBuildFile; fileRef = AFA611D52AA1E94900D63657 /* StartPageButton.swift */; };
		AFA611DA2AA2FE2F00D63657 /* WeeingCheckPasswordTextField.swift in Sources */ = {isa = PBXBuildFile; fileRef = AFA611D92AA2FE2F00D63657 /* WeeingCheckPasswordTextField.swift */; };
		AFD02CE72AF9B831000CF617 /* LoginViewModel.swift in Sources */ = {isa = PBXBuildFile; fileRef = AFD02CE62AF9B831000CF617 /* LoginViewModel.swift */; };
		EAE14AC12ACDA6C400C99D60 /* ConsultLogView.swift in Sources */ = {isa = PBXBuildFile; fileRef = EAE14AC02ACDA6C400C99D60 /* ConsultLogView.swift */; };
/* End PBXBuildFile section */

/* Begin PBXFileReference section */
		4C3639F52AB86D3400DD8F30 /* RecordView.swift */ = {isa = PBXFileReference; lastKnownFileType = sourcecode.swift; path = RecordView.swift; sourceTree = "<group>"; };
		4C3639F72AB9B80100DD8F30 /* DropdownItem.swift */ = {isa = PBXFileReference; lastKnownFileType = sourcecode.swift; path = DropdownItem.swift; sourceTree = "<group>"; };
		4C3639F92ABAE8D100DD8F30 /* Calenderday.swift */ = {isa = PBXFileReference; lastKnownFileType = sourcecode.swift; path = Calenderday.swift; sourceTree = "<group>"; };
		4C72B2D72AEA6110003AD638 /* .swiftlint.yml */ = {isa = PBXFileReference; lastKnownFileType = text.yaml; path = .swiftlint.yml; sourceTree = "<group>"; };
		4CACACB72B05F41900CD7D42 /* AppleSDGothicNeoSB00.ttf */ = {isa = PBXFileReference; lastKnownFileType = file; name = AppleSDGothicNeoSB00.ttf; path = "../../../../../Fonts/Apple_산돌고딕_Neo/AppleSDGothicNeoSB00.ttf"; sourceTree = "<group>"; };
		4CACACB82B05F41900CD7D42 /* AppleSDGothicNeoB00.ttf */ = {isa = PBXFileReference; lastKnownFileType = file; name = AppleSDGothicNeoB00.ttf; path = "../../../../../Fonts/Apple_산돌고딕_Neo/AppleSDGothicNeoB00.ttf"; sourceTree = "<group>"; };
		4CACACB92B05F41900CD7D42 /* AppleSDGothicNeoM00.ttf */ = {isa = PBXFileReference; lastKnownFileType = file; name = AppleSDGothicNeoM00.ttf; path = "../../../../../Fonts/Apple_산돌고딕_Neo/AppleSDGothicNeoM00.ttf"; sourceTree = "<group>"; };
		4CF1031F2AA600C00059C4C2 /* HomeView.swift */ = {isa = PBXFileReference; lastKnownFileType = sourcecode.swift; path = HomeView.swift; sourceTree = "<group>"; };
		4CF103232AA618790059C4C2 /* BoardGameView.swift */ = {isa = PBXFileReference; lastKnownFileType = sourcecode.swift; path = BoardGameView.swift; sourceTree = "<group>"; };
		4CF103272AA618B50059C4C2 /* DiaryView.swift */ = {isa = PBXFileReference; lastKnownFileType = sourcecode.swift; path = DiaryView.swift; sourceTree = "<group>"; };
		4CF1032B2AA618EF0059C4C2 /* ConsultationView.swift */ = {isa = PBXFileReference; lastKnownFileType = sourcecode.swift; path = ConsultationView.swift; sourceTree = "<group>"; };
		4CF1032F2AA619140059C4C2 /* ProfileView.swift */ = {isa = PBXFileReference; lastKnownFileType = sourcecode.swift; path = ProfileView.swift; sourceTree = "<group>"; };
		4CF103332AA620C90059C4C2 /* MainView.swift */ = {isa = PBXFileReference; lastKnownFileType = sourcecode.swift; path = MainView.swift; sourceTree = "<group>"; };
		AFA6115A2A94B54300D63657 /* Weeing.app */ = {isa = PBXFileReference; explicitFileType = wrapper.application; includeInIndex = 0; path = Weeing.app; sourceTree = BUILT_PRODUCTS_DIR; };
		AFA6115D2A94B54300D63657 /* WeeingApp.swift */ = {isa = PBXFileReference; lastKnownFileType = sourcecode.swift; path = WeeingApp.swift; sourceTree = "<group>"; };
		AFA611612A94B54400D63657 /* Assets.xcassets */ = {isa = PBXFileReference; lastKnownFileType = folder.assetcatalog; path = Assets.xcassets; sourceTree = "<group>"; };
		AFA611642A94B54400D63657 /* Preview Assets.xcassets */ = {isa = PBXFileReference; lastKnownFileType = folder.assetcatalog; path = "Preview Assets.xcassets"; sourceTree = "<group>"; };
		AFA611702A94C6F400D63657 /* LoginView.swift */ = {isa = PBXFileReference; lastKnownFileType = sourcecode.swift; path = LoginView.swift; sourceTree = "<group>"; };
		AFA611732A94C7FD00D63657 /* Colors.swift */ = {isa = PBXFileReference; lastKnownFileType = sourcecode.swift; path = Colors.swift; sourceTree = "<group>"; };
		AFA6117A2A94C8DF00D63657 /* Info.plist */ = {isa = PBXFileReference; lastKnownFileType = text.plist; path = Info.plist; sourceTree = "<group>"; };
		AFA6117F2A94F61A00D63657 /* SignupView.swift */ = {isa = PBXFileReference; lastKnownFileType = sourcecode.swift; path = SignupView.swift; sourceTree = "<group>"; };
		AFA6118D2A95D37E00D63657 /* MakePasswordView.swift */ = {isa = PBXFileReference; lastKnownFileType = sourcecode.swift; path = MakePasswordView.swift; sourceTree = "<group>"; };
		AFA611912A961EC600D63657 /* FIndPasswordView.swift */ = {isa = PBXFileReference; lastKnownFileType = sourcecode.swift; path = FIndPasswordView.swift; sourceTree = "<group>"; };
		AFA611952A9779F900D63657 /* ResetPasswordView.swift */ = {isa = PBXFileReference; lastKnownFileType = sourcecode.swift; path = ResetPasswordView.swift; sourceTree = "<group>"; };
		AFA611972A98756300D63657 /* UserInformationView.swift */ = {isa = PBXFileReference; lastKnownFileType = sourcecode.swift; path = UserInformationView.swift; sourceTree = "<group>"; };
		AFA6119F2A98877F00D63657 /* SplashView.swift */ = {isa = PBXFileReference; lastKnownFileType = sourcecode.swift; path = SplashView.swift; sourceTree = "<group>"; };
		AFA611CE2A9F638200D63657 /* WeeingEmailTextField.swift */ = {isa = PBXFileReference; lastKnownFileType = sourcecode.swift; path = WeeingEmailTextField.swift; sourceTree = "<group>"; };
		AFA611D02AA1724000D63657 /* WeeingConfirmTextField.swift */ = {isa = PBXFileReference; lastKnownFileType = sourcecode.swift; path = WeeingConfirmTextField.swift; sourceTree = "<group>"; };
		AFA611D22AA1878F00D63657 /* WeeingPasswordTextField.swift */ = {isa = PBXFileReference; lastKnownFileType = sourcecode.swift; path = WeeingPasswordTextField.swift; sourceTree = "<group>"; };
		AFA611D52AA1E94900D63657 /* StartPageButton.swift */ = {isa = PBXFileReference; lastKnownFileType = sourcecode.swift; path = StartPageButton.swift; sourceTree = "<group>"; };
		AFA611D92AA2FE2F00D63657 /* WeeingCheckPasswordTextField.swift */ = {isa = PBXFileReference; lastKnownFileType = sourcecode.swift; path = WeeingCheckPasswordTextField.swift; sourceTree = "<group>"; };
		AFD02CE62AF9B831000CF617 /* LoginViewModel.swift */ = {isa = PBXFileReference; lastKnownFileType = sourcecode.swift; path = LoginViewModel.swift; sourceTree = "<group>"; };
		EAE14AC02ACDA6C400C99D60 /* ConsultLogView.swift */ = {isa = PBXFileReference; lastKnownFileType = sourcecode.swift; path = ConsultLogView.swift; sourceTree = "<group>"; };
/* End PBXFileReference section */

/* Begin PBXFrameworksBuildPhase section */
		AFA611572A94B54300D63657 /* Frameworks */ = {
			isa = PBXFrameworksBuildPhase;
			buildActionMask = 2147483647;
			files = (
				4CAED9632AC3023E00A1EE76 /* PopupView in Frameworks */,
				4C3639F22AB7F36F00DD8F30 /* SwiftUICalendar in Frameworks */,
			);
			runOnlyForDeploymentPostprocessing = 0;
		};
/* End PBXFrameworksBuildPhase section */

/* Begin PBXGroup section */
		4C3639F32AB86D1100DD8F30 /* RecordScreen */ = {
			isa = PBXGroup;
			children = (
				4C3639F42AB86D2100DD8F30 /* View */,
			);
			path = RecordScreen;
			sourceTree = "<group>";
		};
		4C3639F42AB86D2100DD8F30 /* View */ = {
			isa = PBXGroup;
			children = (
				4C3639F52AB86D3400DD8F30 /* RecordView.swift */,
			);
			path = View;
			sourceTree = "<group>";
		};
		4CF1031D2AA6009D0059C4C2 /* HomeScreen */ = {
			isa = PBXGroup;
			children = (
				4CF1031E2AA600AA0059C4C2 /* View */,
				4C3639F92ABAE8D100DD8F30 /* Calenderday.swift */,
			);
			path = HomeScreen;
			sourceTree = "<group>";
		};
		4CF1031E2AA600AA0059C4C2 /* View */ = {
			isa = PBXGroup;
			children = (
				4CF1031F2AA600C00059C4C2 /* HomeView.swift */,
			);
			path = View;
			sourceTree = "<group>";
		};
		4CF103212AA618540059C4C2 /* BoardGameScreen */ = {
			isa = PBXGroup;
			children = (
				4CF103222AA6186C0059C4C2 /* View */,
			);
			path = BoardGameScreen;
			sourceTree = "<group>";
		};
		4CF103222AA6186C0059C4C2 /* View */ = {
			isa = PBXGroup;
			children = (
				4CF103232AA618790059C4C2 /* BoardGameView.swift */,
			);
			path = View;
			sourceTree = "<group>";
		};
		4CF103252AA618820059C4C2 /* DiaryScreen */ = {
			isa = PBXGroup;
			children = (
				4CF103262AA618A50059C4C2 /* View */,
			);
			path = DiaryScreen;
			sourceTree = "<group>";
		};
		4CF103262AA618A50059C4C2 /* View */ = {
			isa = PBXGroup;
			children = (
				4CF103272AA618B50059C4C2 /* DiaryView.swift */,
			);
			path = View;
			sourceTree = "<group>";
		};
		4CF103292AA618C00059C4C2 /* ConsultationScreen */ = {
			isa = PBXGroup;
			children = (
				4CF1032A2AA618E40059C4C2 /* View */,
				4C3639F72AB9B80100DD8F30 /* DropdownItem.swift */,
			);
			path = ConsultationScreen;
			sourceTree = "<group>";
		};
		4CF1032A2AA618E40059C4C2 /* View */ = {
			isa = PBXGroup;
			children = (
				4CF1032B2AA618EF0059C4C2 /* ConsultationView.swift */,
			);
			path = View;
			sourceTree = "<group>";
		};
		4CF1032D2AA618F70059C4C2 /* ProfileScreen */ = {
			isa = PBXGroup;
			children = (
				4CF1032E2AA619050059C4C2 /* View */,
			);
			path = ProfileScreen;
			sourceTree = "<group>";
		};
		4CF1032E2AA619050059C4C2 /* View */ = {
			isa = PBXGroup;
			children = (
				4CF1032F2AA619140059C4C2 /* ProfileView.swift */,
			);
			path = View;
			sourceTree = "<group>";
		};
		4CF103312AA620B40059C4C2 /* MainScreen */ = {
			isa = PBXGroup;
			children = (
				4CF103322AA620BC0059C4C2 /* View */,
			);
			path = MainScreen;
			sourceTree = "<group>";
		};
		4CF103322AA620BC0059C4C2 /* View */ = {
			isa = PBXGroup;
			children = (
				4CF103332AA620C90059C4C2 /* MainView.swift */,
			);
			path = View;
			sourceTree = "<group>";
		};
		AFA611512A94B54300D63657 = {
			isa = PBXGroup;
			children = (
				4C72B2D72AEA6110003AD638 /* .swiftlint.yml */,
				AFA6115C2A94B54300D63657 /* Weeing */,
				AFA6115B2A94B54300D63657 /* Products */,
			);
			sourceTree = "<group>";
		};
		AFA6115B2A94B54300D63657 /* Products */ = {
			isa = PBXGroup;
			children = (
				AFA6115A2A94B54300D63657 /* Weeing.app */,
			);
			name = Products;
			sourceTree = "<group>";
		};
		AFA6115C2A94B54300D63657 /* Weeing */ = {
			isa = PBXGroup;
			children = (
				AFA6117A2A94C8DF00D63657 /* Info.plist */,
				AFA6115D2A94B54300D63657 /* WeeingApp.swift */,
				AFA611CB2A9F62CC00D63657 /* DesignSystem */,
				AFA611C32A9F007500D63657 /* Screen */,
				AFA611612A94B54400D63657 /* Assets.xcassets */,
				AFA611632A94B54400D63657 /* Preview Content */,
			);
			path = Weeing;
			sourceTree = "<group>";
		};
		AFA611632A94B54400D63657 /* Preview Content */ = {
			isa = PBXGroup;
			children = (
				AFA611642A94B54400D63657 /* Preview Assets.xcassets */,
			);
			path = "Preview Content";
			sourceTree = "<group>";
		};
		AFA611722A94C72300D63657 /* Color */ = {
			isa = PBXGroup;
			children = (
				AFA611732A94C7FD00D63657 /* Colors.swift */,
			);
			path = Color;
			sourceTree = "<group>";
		};
		AFA611752A94C85700D63657 /* Font */ = {
			isa = PBXGroup;
			children = (
				4CACACB82B05F41900CD7D42 /* AppleSDGothicNeoB00.ttf */,
				4CACACB92B05F41900CD7D42 /* AppleSDGothicNeoM00.ttf */,
				4CACACB72B05F41900CD7D42 /* AppleSDGothicNeoSB00.ttf */,
			);
			path = Font;
			sourceTree = "<group>";
		};
		AFA611C32A9F007500D63657 /* Screen */ = {
			isa = PBXGroup;
			children = (
				EAE14ABE2ACDA64000C99D60 /* ConsultLogScreen */,
				4C3639F32AB86D1100DD8F30 /* RecordScreen */,
				4CF103312AA620B40059C4C2 /* MainScreen */,
				4CF1032D2AA618F70059C4C2 /* ProfileScreen */,
				4CF103292AA618C00059C4C2 /* ConsultationScreen */,
				4CF103252AA618820059C4C2 /* DiaryScreen */,
				4CF103212AA618540059C4C2 /* BoardGameScreen */,
				4CF1031D2AA6009D0059C4C2 /* HomeScreen */,
				AFA611C82A9F02C200D63657 /* SplashScreen */,
				AFA611C62A9F026000D63657 /* SignUpScreen */,
				AFA611C42A9F012B00D63657 /* LoginScreen */,
			);
			path = Screen;
			sourceTree = "<group>";
		};
		AFA611C42A9F012B00D63657 /* LoginScreen */ = {
			isa = PBXGroup;
			children = (
				AFD02CE52AF9B821000CF617 /* ViewModel */,
				AFA611C52A9F014600D63657 /* View */,
			);
			path = LoginScreen;
			sourceTree = "<group>";
		};
		AFA611C52A9F014600D63657 /* View */ = {
			isa = PBXGroup;
			children = (
				AFA611702A94C6F400D63657 /* LoginView.swift */,
				AFA611912A961EC600D63657 /* FIndPasswordView.swift */,
				AFA611952A9779F900D63657 /* ResetPasswordView.swift */,
			);
			path = View;
			sourceTree = "<group>";
		};
		AFA611C62A9F026000D63657 /* SignUpScreen */ = {
			isa = PBXGroup;
			children = (
				AFA611C72A9F027C00D63657 /* View */,
			);
			path = SignUpScreen;
			sourceTree = "<group>";
		};
		AFA611C72A9F027C00D63657 /* View */ = {
			isa = PBXGroup;
			children = (
				AFA611972A98756300D63657 /* UserInformationView.swift */,
				AFA6118D2A95D37E00D63657 /* MakePasswordView.swift */,
				AFA6117F2A94F61A00D63657 /* SignupView.swift */,
			);
			path = View;
			sourceTree = "<group>";
		};
		AFA611C82A9F02C200D63657 /* SplashScreen */ = {
			isa = PBXGroup;
			children = (
				AFA611C92A9F02D400D63657 /* View */,
			);
			path = SplashScreen;
			sourceTree = "<group>";
		};
		AFA611C92A9F02D400D63657 /* View */ = {
			isa = PBXGroup;
			children = (
				AFA6119F2A98877F00D63657 /* SplashView.swift */,
			);
			path = View;
			sourceTree = "<group>";
		};
		AFA611CB2A9F62CC00D63657 /* DesignSystem */ = {
			isa = PBXGroup;
			children = (
				AFA611E12AA3294500D63657 /* Resources */,
				AFA611CC2A9F635500D63657 /* Sources */,
			);
			path = DesignSystem;
			sourceTree = "<group>";
		};
		AFA611CC2A9F635500D63657 /* Sources */ = {
			isa = PBXGroup;
			children = (
				AFA611D42AA1E8EB00D63657 /* Button */,
				AFA611CD2A9F636700D63657 /* TextField */,
			);
			path = Sources;
			sourceTree = "<group>";
		};
		AFA611CD2A9F636700D63657 /* TextField */ = {
			isa = PBXGroup;
			children = (
				AFA611CE2A9F638200D63657 /* WeeingEmailTextField.swift */,
				AFA611D22AA1878F00D63657 /* WeeingPasswordTextField.swift */,
				AFA611D02AA1724000D63657 /* WeeingConfirmTextField.swift */,
				AFA611D92AA2FE2F00D63657 /* WeeingCheckPasswordTextField.swift */,
			);
			path = TextField;
			sourceTree = "<group>";
		};
		AFA611D42AA1E8EB00D63657 /* Button */ = {
			isa = PBXGroup;
			children = (
				AFA611D52AA1E94900D63657 /* StartPageButton.swift */,
			);
			path = Button;
			sourceTree = "<group>";
		};
		AFA611E12AA3294500D63657 /* Resources */ = {
			isa = PBXGroup;
			children = (
				AFA611752A94C85700D63657 /* Font */,
				AFA611722A94C72300D63657 /* Color */,
			);
			path = Resources;
			sourceTree = "<group>";
		};
		AFD02CE52AF9B821000CF617 /* ViewModel */ = {
			isa = PBXGroup;
			children = (
				AFD02CE62AF9B831000CF617 /* LoginViewModel.swift */,
			);
			path = ViewModel;
			sourceTree = "<group>";
		};
		EAE14ABE2ACDA64000C99D60 /* ConsultLogScreen */ = {
			isa = PBXGroup;
			children = (
				EAE14ABF2ACDA66100C99D60 /* View */,
			);
			path = ConsultLogScreen;
			sourceTree = "<group>";
		};
		EAE14ABF2ACDA66100C99D60 /* View */ = {
			isa = PBXGroup;
			children = (
				EAE14AC02ACDA6C400C99D60 /* ConsultLogView.swift */,
			);
			path = View;
			sourceTree = "<group>";
		};
/* End PBXGroup section */

/* Begin PBXNativeTarget section */
		AFA611592A94B54300D63657 /* Weeing */ = {
			isa = PBXNativeTarget;
			buildConfigurationList = AFA611682A94B54400D63657 /* Build configuration list for PBXNativeTarget "Weeing" */;
			buildPhases = (
				4CC5B40B2AF26E9900001DE6 /* SwiftLint */,
				4CC5B40C2AF274B200001DE6 /* SwiftFormat */,
				AFA611562A94B54300D63657 /* Sources */,
				AFA611572A94B54300D63657 /* Frameworks */,
				AFA611582A94B54300D63657 /* Resources */,
			);
			buildRules = (
			);
			dependencies = (
			);
			name = Weeing;
			packageProductDependencies = (
				4C3639F12AB7F36F00DD8F30 /* SwiftUICalendar */,
				4CAED9622AC3023E00A1EE76 /* PopupView */,
			);
			productName = Weeing;
			productReference = AFA6115A2A94B54300D63657 /* Weeing.app */;
			productType = "com.apple.product-type.application";
		};
/* End PBXNativeTarget section */

/* Begin PBXProject section */
		AFA611522A94B54300D63657 /* Project object */ = {
			isa = PBXProject;
			attributes = {
				BuildIndependentTargetsInParallel = 1;
				LastSwiftUpdateCheck = 1430;
				LastUpgradeCheck = 1500;
				TargetAttributes = {
					AFA611592A94B54300D63657 = {
						CreatedOnToolsVersion = 14.3;
					};
				};
			};
			buildConfigurationList = AFA611552A94B54300D63657 /* Build configuration list for PBXProject "Weeing" */;
			compatibilityVersion = "Xcode 14.0";
			developmentRegion = ko;
			hasScannedForEncodings = 0;
			knownRegions = (
				en,
				Base,
				ko,
			);
			mainGroup = AFA611512A94B54300D63657;
			packageReferences = (
				4C3639F02AB7F36F00DD8F30 /* XCRemoteSwiftPackageReference "SwiftUICalendar" */,
				4CAED9612AC3023E00A1EE76 /* XCRemoteSwiftPackageReference "PopupView" */,
			);
			productRefGroup = AFA6115B2A94B54300D63657 /* Products */;
			projectDirPath = "";
			projectRoot = "";
			targets = (
				AFA611592A94B54300D63657 /* Weeing */,
			);
		};
/* End PBXProject section */

/* Begin PBXResourcesBuildPhase section */
		AFA611582A94B54300D63657 /* Resources */ = {
			isa = PBXResourcesBuildPhase;
			buildActionMask = 2147483647;
			files = (
				4CACACBB2B05F41900CD7D42 /* AppleSDGothicNeoB00.ttf in Resources */,
				4C72B2D82AEA6110003AD638 /* .swiftlint.yml in Resources */,
				AFA611652A94B54400D63657 /* Preview Assets.xcassets in Resources */,
				4CACACBC2B05F41900CD7D42 /* AppleSDGothicNeoM00.ttf in Resources */,
				4CACACBA2B05F41900CD7D42 /* AppleSDGothicNeoSB00.ttf in Resources */,
				AFA611622A94B54400D63657 /* Assets.xcassets in Resources */,
			);
			runOnlyForDeploymentPostprocessing = 0;
		};
/* End PBXResourcesBuildPhase section */

/* Begin PBXShellScriptBuildPhase section */
		4CC5B40B2AF26E9900001DE6 /* SwiftLint */ = {
			isa = PBXShellScriptBuildPhase;
			buildActionMask = 2147483647;
			files = (
			);
			inputFileListPaths = (
			);
			inputPaths = (
			);
			name = SwiftLint;
			outputFileListPaths = (
			);
			outputPaths = (
			);
			runOnlyForDeploymentPostprocessing = 0;
			shellPath = /bin/sh;
			shellScript = "# Type a script or drag a script file from your workspace to insert its path.\nexport PATH=\"$PATH:/opt/homebrew/bin\"\nif which swiftlint > /dev/null; then\n  swiftlint\nelse\n  echo \"warning: SwiftLint not installed, download from https://github.com/realm/SwiftLint\"\nfi\n";
		};
		4CC5B40C2AF274B200001DE6 /* SwiftFormat */ = {
			isa = PBXShellScriptBuildPhase;
			buildActionMask = 2147483647;
			files = (
			);
			inputFileListPaths = (
			);
			inputPaths = (
			);
			name = SwiftFormat;
			outputFileListPaths = (
			);
			outputPaths = (
			);
			runOnlyForDeploymentPostprocessing = 0;
			shellPath = /bin/sh;
			shellScript = "# Type a script or drag a script file from your workspace to insert its path.\nexport PATH=\"$PATH:/opt/homebrew/bin\"\nif which swiftformat > /dev/null; then\n  swiftformat .\nelse\n  echo \"warning: SwiftFormat not installed, download from https://github.com/nicklockwood/SwiftFormat\"\nfi\n";
		};
/* End PBXShellScriptBuildPhase section */

/* Begin PBXSourcesBuildPhase section */
		AFA611562A94B54300D63657 /* Sources */ = {
			isa = PBXSourcesBuildPhase;
			buildActionMask = 2147483647;
			files = (
				AFA611712A94C6F400D63657 /* LoginView.swift in Sources */,
				AFA611922A961EC600D63657 /* FIndPasswordView.swift in Sources */,
				AFA611742A94C7FD00D63657 /* Colors.swift in Sources */,
				AFA611962A9779F900D63657 /* ResetPasswordView.swift in Sources */,
				EAE14AC12ACDA6C400C99D60 /* ConsultLogView.swift in Sources */,
				AFA611DA2AA2FE2F00D63657 /* WeeingCheckPasswordTextField.swift in Sources */,
				AFA6115E2A94B54300D63657 /* WeeingApp.swift in Sources */,
				AFA611802A94F61A00D63657 /* SignupView.swift in Sources */,
				AFA611D62AA1E94900D63657 /* StartPageButton.swift in Sources */,
				AFA611CF2A9F638200D63657 /* WeeingEmailTextField.swift in Sources */,
				4C3639F82AB9B80100DD8F30 /* DropdownItem.swift in Sources */,
				AFA611A02A98877F00D63657 /* SplashView.swift in Sources */,
				4C3639F62AB86D3400DD8F30 /* RecordView.swift in Sources */,
				AFD02CE72AF9B831000CF617 /* LoginViewModel.swift in Sources */,
				AFA6118E2A95D37E00D63657 /* MakePasswordView.swift in Sources */,
				4CF1032C2AA618EF0059C4C2 /* ConsultationView.swift in Sources */,
				4CF103282AA618B50059C4C2 /* DiaryView.swift in Sources */,
				4C3639FA2ABAE8D100DD8F30 /* Calenderday.swift in Sources */,
				4CF103342AA620C90059C4C2 /* MainView.swift in Sources */,
				4CF103242AA618790059C4C2 /* BoardGameView.swift in Sources */,
				AFA611D12AA1724000D63657 /* WeeingConfirmTextField.swift in Sources */,
				AFA611982A98756300D63657 /* UserInformationView.swift in Sources */,
				4CF103302AA619140059C4C2 /* ProfileView.swift in Sources */,
				4CF103202AA600C00059C4C2 /* HomeView.swift in Sources */,
				AFA611D32AA1878F00D63657 /* WeeingPasswordTextField.swift in Sources */,
			);
			runOnlyForDeploymentPostprocessing = 0;
		};
/* End PBXSourcesBuildPhase section */

/* Begin XCBuildConfiguration section */
		AFA611662A94B54400D63657 /* Debug */ = {
			isa = XCBuildConfiguration;
			buildSettings = {
				ALWAYS_SEARCH_USER_PATHS = NO;
				CLANG_ANALYZER_NONNULL = YES;
				CLANG_ANALYZER_NUMBER_OBJECT_CONVERSION = YES_AGGRESSIVE;
				CLANG_CXX_LANGUAGE_STANDARD = "gnu++20";
				CLANG_ENABLE_MODULES = YES;
				CLANG_ENABLE_OBJC_ARC = YES;
				CLANG_ENABLE_OBJC_WEAK = YES;
				CLANG_WARN_BLOCK_CAPTURE_AUTORELEASING = YES;
				CLANG_WARN_BOOL_CONVERSION = YES;
				CLANG_WARN_COMMA = YES;
				CLANG_WARN_CONSTANT_CONVERSION = YES;
				CLANG_WARN_DEPRECATED_OBJC_IMPLEMENTATIONS = YES;
				CLANG_WARN_DIRECT_OBJC_ISA_USAGE = YES_ERROR;
				CLANG_WARN_DOCUMENTATION_COMMENTS = YES;
				CLANG_WARN_EMPTY_BODY = YES;
				CLANG_WARN_ENUM_CONVERSION = YES;
				CLANG_WARN_INFINITE_RECURSION = YES;
				CLANG_WARN_INT_CONVERSION = YES;
				CLANG_WARN_NON_LITERAL_NULL_CONVERSION = YES;
				CLANG_WARN_OBJC_IMPLICIT_RETAIN_SELF = YES;
				CLANG_WARN_OBJC_LITERAL_CONVERSION = YES;
				CLANG_WARN_OBJC_ROOT_CLASS = YES_ERROR;
				CLANG_WARN_QUOTED_INCLUDE_IN_FRAMEWORK_HEADER = YES;
				CLANG_WARN_RANGE_LOOP_ANALYSIS = YES;
				CLANG_WARN_STRICT_PROTOTYPES = YES;
				CLANG_WARN_SUSPICIOUS_MOVE = YES;
				CLANG_WARN_UNGUARDED_AVAILABILITY = YES_AGGRESSIVE;
				CLANG_WARN_UNREACHABLE_CODE = YES;
				CLANG_WARN__DUPLICATE_METHOD_MATCH = YES;
				COPY_PHASE_STRIP = NO;
				DEBUG_INFORMATION_FORMAT = dwarf;
				ENABLE_STRICT_OBJC_MSGSEND = YES;
				ENABLE_TESTABILITY = YES;
				ENABLE_USER_SCRIPT_SANDBOXING = YES;
				GCC_C_LANGUAGE_STANDARD = gnu11;
				GCC_DYNAMIC_NO_PIC = NO;
				GCC_NO_COMMON_BLOCKS = YES;
				GCC_OPTIMIZATION_LEVEL = 0;
				GCC_PREPROCESSOR_DEFINITIONS = (
					"DEBUG=1",
					"$(inherited)",
				);
				GCC_WARN_64_TO_32_BIT_CONVERSION = YES;
				GCC_WARN_ABOUT_RETURN_TYPE = YES_ERROR;
				GCC_WARN_UNDECLARED_SELECTOR = YES;
				GCC_WARN_UNINITIALIZED_AUTOS = YES_AGGRESSIVE;
				GCC_WARN_UNUSED_FUNCTION = YES;
				GCC_WARN_UNUSED_VARIABLE = YES;
				IPHONEOS_DEPLOYMENT_TARGET = 16.4;
				MTL_ENABLE_DEBUG_INFO = INCLUDE_SOURCE;
				MTL_FAST_MATH = YES;
				ONLY_ACTIVE_ARCH = YES;
				SDKROOT = iphoneos;
				SWIFT_ACTIVE_COMPILATION_CONDITIONS = DEBUG;
				SWIFT_OPTIMIZATION_LEVEL = "-Onone";
			};
			name = Debug;
		};
		AFA611672A94B54400D63657 /* Release */ = {
			isa = XCBuildConfiguration;
			buildSettings = {
				ALWAYS_SEARCH_USER_PATHS = NO;
				CLANG_ANALYZER_NONNULL = YES;
				CLANG_ANALYZER_NUMBER_OBJECT_CONVERSION = YES_AGGRESSIVE;
				CLANG_CXX_LANGUAGE_STANDARD = "gnu++20";
				CLANG_ENABLE_MODULES = YES;
				CLANG_ENABLE_OBJC_ARC = YES;
				CLANG_ENABLE_OBJC_WEAK = YES;
				CLANG_WARN_BLOCK_CAPTURE_AUTORELEASING = YES;
				CLANG_WARN_BOOL_CONVERSION = YES;
				CLANG_WARN_COMMA = YES;
				CLANG_WARN_CONSTANT_CONVERSION = YES;
				CLANG_WARN_DEPRECATED_OBJC_IMPLEMENTATIONS = YES;
				CLANG_WARN_DIRECT_OBJC_ISA_USAGE = YES_ERROR;
				CLANG_WARN_DOCUMENTATION_COMMENTS = YES;
				CLANG_WARN_EMPTY_BODY = YES;
				CLANG_WARN_ENUM_CONVERSION = YES;
				CLANG_WARN_INFINITE_RECURSION = YES;
				CLANG_WARN_INT_CONVERSION = YES;
				CLANG_WARN_NON_LITERAL_NULL_CONVERSION = YES;
				CLANG_WARN_OBJC_IMPLICIT_RETAIN_SELF = YES;
				CLANG_WARN_OBJC_LITERAL_CONVERSION = YES;
				CLANG_WARN_OBJC_ROOT_CLASS = YES_ERROR;
				CLANG_WARN_QUOTED_INCLUDE_IN_FRAMEWORK_HEADER = YES;
				CLANG_WARN_RANGE_LOOP_ANALYSIS = YES;
				CLANG_WARN_STRICT_PROTOTYPES = YES;
				CLANG_WARN_SUSPICIOUS_MOVE = YES;
				CLANG_WARN_UNGUARDED_AVAILABILITY = YES_AGGRESSIVE;
				CLANG_WARN_UNREACHABLE_CODE = YES;
				CLANG_WARN__DUPLICATE_METHOD_MATCH = YES;
				COPY_PHASE_STRIP = NO;
				DEBUG_INFORMATION_FORMAT = "dwarf-with-dsym";
				ENABLE_NS_ASSERTIONS = NO;
				ENABLE_STRICT_OBJC_MSGSEND = YES;
				ENABLE_USER_SCRIPT_SANDBOXING = YES;
				GCC_C_LANGUAGE_STANDARD = gnu11;
				GCC_NO_COMMON_BLOCKS = YES;
				GCC_WARN_64_TO_32_BIT_CONVERSION = YES;
				GCC_WARN_ABOUT_RETURN_TYPE = YES_ERROR;
				GCC_WARN_UNDECLARED_SELECTOR = YES;
				GCC_WARN_UNINITIALIZED_AUTOS = YES_AGGRESSIVE;
				GCC_WARN_UNUSED_FUNCTION = YES;
				GCC_WARN_UNUSED_VARIABLE = YES;
				IPHONEOS_DEPLOYMENT_TARGET = 16.4;
				MTL_ENABLE_DEBUG_INFO = NO;
				MTL_FAST_MATH = YES;
				SDKROOT = iphoneos;
				SWIFT_COMPILATION_MODE = wholemodule;
				SWIFT_OPTIMIZATION_LEVEL = "-O";
				VALIDATE_PRODUCT = YES;
			};
			name = Release;
		};
		AFA611692A94B54400D63657 /* Debug */ = {
			isa = XCBuildConfiguration;
			buildSettings = {
				ASSETCATALOG_COMPILER_APPICON_NAME = AppIcon;
				ASSETCATALOG_COMPILER_GLOBAL_ACCENT_COLOR_NAME = AccentColor;
				CODE_SIGN_STYLE = Automatic;
				CURRENT_PROJECT_VERSION = 1;
				DEVELOPMENT_ASSET_PATHS = "\"Weeing/Preview Content\"";
				ENABLE_PREVIEWS = YES;
				ENABLE_USER_SCRIPT_SANDBOXING = NO;
				GENERATE_INFOPLIST_FILE = YES;
				INFOPLIST_FILE = Weeing/Info.plist;
				INFOPLIST_KEY_UIApplicationSceneManifest_Generation = YES;
				INFOPLIST_KEY_UIApplicationSupportsIndirectInputEvents = YES;
				INFOPLIST_KEY_UILaunchScreen_Generation = YES;
				INFOPLIST_KEY_UISupportedInterfaceOrientations_iPad = "UIInterfaceOrientationPortrait UIInterfaceOrientationPortraitUpsideDown UIInterfaceOrientationLandscapeLeft UIInterfaceOrientationLandscapeRight";
				INFOPLIST_KEY_UISupportedInterfaceOrientations_iPhone = "UIInterfaceOrientationPortrait UIInterfaceOrientationLandscapeLeft UIInterfaceOrientationLandscapeRight";
				LD_RUNPATH_SEARCH_PATHS = (
					"$(inherited)",
					"@executable_path/Frameworks",
				);
				MARKETING_VERSION = 1.0;
				PRODUCT_BUNDLE_IDENTIFIER = shwaaaa.Weeing;
				PRODUCT_NAME = "$(TARGET_NAME)";
				SWIFT_EMIT_LOC_STRINGS = YES;
				SWIFT_VERSION = 5.0;
				TARGETED_DEVICE_FAMILY = "1,2";
			};
			name = Debug;
		};
		AFA6116A2A94B54400D63657 /* Release */ = {
			isa = XCBuildConfiguration;
			buildSettings = {
				ASSETCATALOG_COMPILER_APPICON_NAME = AppIcon;
				ASSETCATALOG_COMPILER_GLOBAL_ACCENT_COLOR_NAME = AccentColor;
				CODE_SIGN_STYLE = Automatic;
				CURRENT_PROJECT_VERSION = 1;
				DEVELOPMENT_ASSET_PATHS = "\"Weeing/Preview Content\"";
				ENABLE_PREVIEWS = YES;
				ENABLE_USER_SCRIPT_SANDBOXING = NO;
				GENERATE_INFOPLIST_FILE = YES;
				INFOPLIST_FILE = Weeing/Info.plist;
				INFOPLIST_KEY_UIApplicationSceneManifest_Generation = YES;
				INFOPLIST_KEY_UIApplicationSupportsIndirectInputEvents = YES;
				INFOPLIST_KEY_UILaunchScreen_Generation = YES;
				INFOPLIST_KEY_UISupportedInterfaceOrientations_iPad = "UIInterfaceOrientationPortrait UIInterfaceOrientationPortraitUpsideDown UIInterfaceOrientationLandscapeLeft UIInterfaceOrientationLandscapeRight";
				INFOPLIST_KEY_UISupportedInterfaceOrientations_iPhone = "UIInterfaceOrientationPortrait UIInterfaceOrientationLandscapeLeft UIInterfaceOrientationLandscapeRight";
				LD_RUNPATH_SEARCH_PATHS = (
					"$(inherited)",
					"@executable_path/Frameworks",
				);
				MARKETING_VERSION = 1.0;
				PRODUCT_BUNDLE_IDENTIFIER = shwaaaa.Weeing;
				PRODUCT_NAME = "$(TARGET_NAME)";
				SWIFT_EMIT_LOC_STRINGS = YES;
				SWIFT_VERSION = 5.0;
				TARGETED_DEVICE_FAMILY = "1,2";
			};
			name = Release;
		};
/* End XCBuildConfiguration section */

/* Begin XCConfigurationList section */
		AFA611552A94B54300D63657 /* Build configuration list for PBXProject "Weeing" */ = {
			isa = XCConfigurationList;
			buildConfigurations = (
				AFA611662A94B54400D63657 /* Debug */,
				AFA611672A94B54400D63657 /* Release */,
			);
			defaultConfigurationIsVisible = 0;
			defaultConfigurationName = Release;
		};
		AFA611682A94B54400D63657 /* Build configuration list for PBXNativeTarget "Weeing" */ = {
			isa = XCConfigurationList;
			buildConfigurations = (
				AFA611692A94B54400D63657 /* Debug */,
				AFA6116A2A94B54400D63657 /* Release */,
			);
			defaultConfigurationIsVisible = 0;
			defaultConfigurationName = Release;
		};
/* End XCConfigurationList section */

/* Begin XCRemoteSwiftPackageReference section */
		4C3639F02AB7F36F00DD8F30 /* XCRemoteSwiftPackageReference "SwiftUICalendar" */ = {
			isa = XCRemoteSwiftPackageReference;
			repositoryURL = "https://github.com/GGJJack/SwiftUICalendar";
			requirement = {
				kind = upToNextMajorVersion;
				minimumVersion = 0.1.14;
			};
		};
		4CAED9612AC3023E00A1EE76 /* XCRemoteSwiftPackageReference "PopupView" */ = {
			isa = XCRemoteSwiftPackageReference;
			repositoryURL = "https://github.com/exyte/PopupView.git";
			requirement = {
				kind = upToNextMajorVersion;
				minimumVersion = 2.0.0;
			};
		};
/* End XCRemoteSwiftPackageReference section */

/* Begin XCSwiftPackageProductDependency section */
		4C3639F12AB7F36F00DD8F30 /* SwiftUICalendar */ = {
			isa = XCSwiftPackageProductDependency;
			package = 4C3639F02AB7F36F00DD8F30 /* XCRemoteSwiftPackageReference "SwiftUICalendar" */;
			productName = SwiftUICalendar;
		};
		4CAED9622AC3023E00A1EE76 /* PopupView */ = {
			isa = XCSwiftPackageProductDependency;
			package = 4CAED9612AC3023E00A1EE76 /* XCRemoteSwiftPackageReference "PopupView" */;
			productName = PopupView;
		};
/* End XCSwiftPackageProductDependency section */
	};
	rootObject = AFA611522A94B54300D63657 /* Project object */;
}
